PODS:
  - AFDropdownNotification (1.1)
  - JSQMessagesViewController (7.3.3):
    - JSQSystemSoundPlayer (~> 2.0.1)
  - JSQSystemSoundPlayer (2.0.1)
  - PureLayout (3.0.2)
  - UICKeyChainStore (2.1.0)

DEPENDENCIES:
  - AFDropdownNotification (~> 1.0)
  - JSQMessagesViewController
  - PureLayout
  - UICKeyChainStore

SPEC CHECKSUMS:
  AFDropdownNotification: 4125b132cd03a8d6293e09ce000aeef55ced1364
  JSQMessagesViewController: 0ee3f80237268192a3e8337fd0d787f1a1bf5a7a
  JSQSystemSoundPlayer: c5850e77a4363ffd374cd851154b9af93264ed8d
  PureLayout: 4d550abe49a94f24c2808b9b95db9131685fe4cd
  UICKeyChainStore: f1cbd42216a113f0165de1e733e62905b8823432

PODFILE CHECKSUM: 7a5149500ddbdb0e9a2e2906a2cd2768968183a7

COCOAPODS: 1.0.0.beta.5
