<?xml version="1.0" encoding="UTF-8"?>
<!DOCTYPE plist PUBLIC "-//Apple//DTD PLIST 1.0//EN" "http://www.apple.com/DTDs/PropertyList-1.0.dtd">
<plist version="1.0">
<dict>
	<key>archiveVersion</key>
	<string>1</string>
	<key>classes</key>
	<dict/>
	<key>objectVersion</key>
	<string>46</string>
	<key>objects</key>
	<dict>
		<key>057F386E77AB947B76ADAC53</key>
		<dict>
			<key>fileRef</key>
			<string>5840FC6474AE30E7A70F08B3</string>
			<key>isa</key>
			<string>PBXBuildFile</string>
		</dict>
		<key>09D085A1EDA76312BDD22FDD</key>
		<dict>
			<key>fileRef</key>
			<string>95FECF17C0BBD475A23662D1</string>
			<key>isa</key>
			<string>PBXBuildFile</string>
		</dict>
		<key>1104D0295E906B014F60D68A</key>
		<dict>
			<key>children</key>
			<array>
				<string>E94CAA2E47273D2FE97E4835</string>
				<string>2F0FDDDCB56EB80186E77BEC</string>
				<string>95FECF17C0BBD475A23662D1</string>
				<string>2E5FCB9A5C398E151863376D</string>
				<string>B2B749CF830F02E901E7E99A</string>
				<string>D96123EC4719F808BC075C80</string>
				<string>60F453FD79274952CF32B717</string>
				<string>5F3F1D932E50994A0ED4923C</string>
				<string>5B71D0709488D6FC3E1E9BA1</string>
				<string>5840FC6474AE30E7A70F08B3</string>
				<string>A94CCEBADF2ED709B51A6FC6</string>
			</array>
			<key>isa</key>
			<string>PBXGroup</string>
			<key>name</key>
			<string>Frameworks</string>
			<key>sourceTree</key>
			<string>&lt;group&gt;</string>
		</dict>
		<key>116EEC1FB1162648E9118F32</key>
		<dict>
			<key>buildActionMask</key>
			<string>2147483647</string>
			<key>files</key>
			<array/>
			<key>inputPaths</key>
			<array/>
			<key>isa</key>
			<string>PBXShellScriptBuildPhase</string>
			<key>name</key>
			<string>&#128230; Embed Pods Frameworks</string>
			<key>outputPaths</key>
			<array/>
			<key>runOnlyForDeploymentPostprocessing</key>
			<string>0</string>
			<key>shellPath</key>
			<string>/bin/sh</string>
			<key>shellScript</key>
			<string>"${SRCROOT}/Pods/Target Support Files/Pods-BlocTalk/Pods-BlocTalk-frameworks.sh"
</string>
			<key>showEnvVarsInLog</key>
			<string>0</string>
		</dict>
		<key>28919FAB3B5BACB55E819577</key>
		<dict>
			<key>includeInIndex</key>
			<string>1</string>
			<key>isa</key>
			<string>PBXFileReference</string>
			<key>lastKnownFileType</key>
			<string>text.xcconfig</string>
			<key>name</key>
			<string>Pods-BlocTalkTests.release.xcconfig</string>
			<key>path</key>
			<string>Pods/Target Support Files/Pods-BlocTalkTests/Pods-BlocTalkTests.release.xcconfig</string>
			<key>sourceTree</key>
			<string>&lt;group&gt;</string>
		</dict>
		<key>2A74DF3D771D1BF95B5B9EF1</key>
		<dict>
			<key>includeInIndex</key>
			<string>1</string>
			<key>isa</key>
			<string>PBXFileReference</string>
			<key>lastKnownFileType</key>
			<string>text.xcconfig</string>
			<key>name</key>
			<string>Pods-BlocTalk.debug.xcconfig</string>
			<key>path</key>
			<string>Pods/Target Support Files/Pods-BlocTalk/Pods-BlocTalk.debug.xcconfig</string>
			<key>sourceTree</key>
			<string>&lt;group&gt;</string>
		</dict>
		<key>2E5FCB9A5C398E151863376D</key>
		<dict>
			<key>isa</key>
			<string>PBXFileReference</string>
			<key>lastKnownFileType</key>
			<string>wrapper.framework</string>
			<key>name</key>
			<string>AssetsLibrary.framework</string>
			<key>path</key>
			<string>System/Library/Frameworks/AssetsLibrary.framework</string>
			<key>sourceTree</key>
			<string>SDKROOT</string>
		</dict>
		<key>2F0FDDDCB56EB80186E77BEC</key>
		<dict>
			<key>explicitFileType</key>
			<string>archive.ar</string>
			<key>includeInIndex</key>
			<string>0</string>
			<key>isa</key>
			<string>PBXFileReference</string>
			<key>path</key>
			<string>libPods-BlocTalkTests.a</string>
			<key>sourceTree</key>
			<string>BUILT_PRODUCTS_DIR</string>
		</dict>
		<key>33CF3751D956F67EB3782FFF</key>
		<dict>
			<key>fileRef</key>
			<string>B2B749CF830F02E901E7E99A</string>
			<key>isa</key>
			<string>PBXBuildFile</string>
		</dict>
		<key>516A938A131C65C5482CCEC0</key>
		<dict>
			<key>includeInIndex</key>
			<string>1</string>
			<key>isa</key>
			<string>PBXFileReference</string>
			<key>lastKnownFileType</key>
			<string>text.xcconfig</string>
			<key>name</key>
			<string>Pods-BlocTalk.release.xcconfig</string>
			<key>path</key>
			<string>Pods/Target Support Files/Pods-BlocTalk/Pods-BlocTalk.release.xcconfig</string>
			<key>sourceTree</key>
			<string>&lt;group&gt;</string>
		</dict>
		<key>56EBB3BB9B79B859AE130337</key>
		<dict>
			<key>buildActionMask</key>
			<string>2147483647</string>
			<key>files</key>
			<array/>
			<key>inputPaths</key>
			<array/>
			<key>isa</key>
			<string>PBXShellScriptBuildPhase</string>
			<key>name</key>
			<string>&#128230; Copy Pods Resources</string>
			<key>outputPaths</key>
			<array/>
			<key>runOnlyForDeploymentPostprocessing</key>
			<string>0</string>
			<key>shellPath</key>
			<string>/bin/sh</string>
			<key>shellScript</key>
			<string>"${SRCROOT}/Pods/Target Support Files/Pods-BlocTalkTests/Pods-BlocTalkTests-resources.sh"
</string>
			<key>showEnvVarsInLog</key>
			<string>0</string>
		</dict>
		<key>5707264526E6DEB08FC4381B</key>
		<dict>
			<key>fileRef</key>
			<string>D96123EC4719F808BC075C80</string>
			<key>isa</key>
			<string>PBXBuildFile</string>
		</dict>
		<key>5840FC6474AE30E7A70F08B3</key>
		<dict>
			<key>isa</key>
			<string>PBXFileReference</string>
			<key>lastKnownFileType</key>
			<string>wrapper.framework</string>
			<key>name</key>
			<string>CoreMedia.framework</string>
			<key>path</key>
			<string>System/Library/Frameworks/CoreMedia.framework</string>
			<key>sourceTree</key>
			<string>SDKROOT</string>
		</dict>
		<key>5B71D0709488D6FC3E1E9BA1</key>
		<dict>
			<key>isa</key>
			<string>PBXFileReference</string>
			<key>lastKnownFileType</key>
			<string>wrapper.framework</string>
			<key>name</key>
			<string>AVFoundation.framework</string>
			<key>path</key>
			<string>System/Library/Frameworks/AVFoundation.framework</string>
			<key>sourceTree</key>
			<string>SDKROOT</string>
		</dict>
		<key>5B72E2C5B98F85C3DCCB5676</key>
		<dict>
			<key>fileRef</key>
			<string>2E5FCB9A5C398E151863376D</string>
			<key>isa</key>
			<string>PBXBuildFile</string>
		</dict>
		<key>5F3F1D932E50994A0ED4923C</key>
		<dict>
			<key>isa</key>
			<string>PBXFileReference</string>
			<key>lastKnownFileType</key>
			<string>wrapper.framework</string>
			<key>name</key>
			<string>QuartzCore.framework</string>
			<key>path</key>
			<string>System/Library/Frameworks/QuartzCore.framework</string>
			<key>sourceTree</key>
			<string>SDKROOT</string>
		</dict>
		<key>60F453FD79274952CF32B717</key>
		<dict>
			<key>isa</key>
			<string>PBXFileReference</string>
			<key>lastKnownFileType</key>
			<string>wrapper.framework</string>
			<key>name</key>
			<string>SystemConfiguration.framework</string>
			<key>path</key>
			<string>System/Library/Frameworks/SystemConfiguration.framework</string>
			<key>sourceTree</key>
			<string>SDKROOT</string>
		</dict>
		<key>6F5F2EBBDE283A13518A02D9</key>
		<dict>
			<key>includeInIndex</key>
			<string>1</string>
			<key>isa</key>
			<string>PBXFileReference</string>
			<key>lastKnownFileType</key>
			<string>text.xcconfig</string>
			<key>name</key>
			<string>Pods-BlocTalkTests.debug.xcconfig</string>
			<key>path</key>
			<string>Pods/Target Support Files/Pods-BlocTalkTests/Pods-BlocTalkTests.debug.xcconfig</string>
			<key>sourceTree</key>
			<string>&lt;group&gt;</string>
		</dict>
		<key>8104B6B51D27D26D00471675</key>
		<dict>
			<key>fileEncoding</key>
			<string>4</string>
			<key>isa</key>
			<string>PBXFileReference</string>
			<key>lastKnownFileType</key>
			<string>sourcecode.c.h</string>
			<key>path</key>
			<string>BLCRemoveMiddleVCSegue.h</string>
			<key>sourceTree</key>
			<string>&lt;group&gt;</string>
		</dict>
		<key>8104B6B61D27D26D00471675</key>
		<dict>
			<key>fileEncoding</key>
			<string>4</string>
			<key>isa</key>
			<string>PBXFileReference</string>
			<key>lastKnownFileType</key>
			<string>sourcecode.c.objc</string>
			<key>path</key>
			<string>BLCRemoveMiddleVCSegue.m</string>
			<key>sourceTree</key>
			<string>&lt;group&gt;</string>
		</dict>
		<key>8104B6B71D27D26D00471675</key>
		<dict>
			<key>fileRef</key>
			<string>8104B6B61D27D26D00471675</string>
			<key>isa</key>
			<string>PBXBuildFile</string>
		</dict>
		<key>810B25011D189FB600167D97</key>
		<dict>
			<key>fileEncoding</key>
			<string>4</string>
			<key>isa</key>
			<string>PBXFileReference</string>
			<key>lastKnownFileType</key>
			<string>sourcecode.c.h</string>
			<key>path</key>
			<string>BLCConversationListViewController.h</string>
			<key>sourceTree</key>
			<string>&lt;group&gt;</string>
		</dict>
		<key>810B25021D189FB600167D97</key>
		<dict>
			<key>fileEncoding</key>
			<string>4</string>
			<key>isa</key>
			<string>PBXFileReference</string>
			<key>lastKnownFileType</key>
			<string>sourcecode.c.objc</string>
			<key>path</key>
			<string>BLCConversationListViewController.m</string>
			<key>sourceTree</key>
			<string>&lt;group&gt;</string>
		</dict>
		<key>810B25031D189FB600167D97</key>
		<dict>
			<key>fileRef</key>
			<string>810B25021D189FB600167D97</string>
			<key>isa</key>
			<string>PBXBuildFile</string>
		</dict>
		<key>810B25041D189FD400167D97</key>
		<dict>
			<key>children</key>
			<array>
				<string>81BF23F71D229AD00070C042</string>
				<string>81BF23F81D229AD00070C042</string>
				<string>816345BA1D26FA9F004FFFA1</string>
				<string>816345BB1D26FA9F004FFFA1</string>
				<string>817121451D35209200FB6717</string>
				<string>817121461D35209200FB6717</string>
			</array>
			<key>isa</key>
			<string>PBXGroup</string>
			<key>name</key>
			<string>Data</string>
			<key>sourceTree</key>
			<string>&lt;group&gt;</string>
		</dict>
		<key>810B25051D18ACE400167D97</key>
		<dict>
			<key>children</key>
			<array>
				<string>814275DE1D1AF48F00F95162</string>
				<string>814275DC1D1AEE3100F95162</string>
				<string>814275D61D1AD04000F95162</string>
				<string>81DFAD031D39B93F00EA046E</string>
				<string>81DFAD051D39B94700EA046E</string>
				<string>81C031361D3E39720056E609</string>
				<string>81DFACFF1D39B06A00EA046E</string>
				<string>81DFAD001D39B06A00EA046E</string>
				<string>814275D81D1AD04000F95162</string>
				<string>814275D11D1AACD400F95162</string>
				<string>81D3404C1D3BE20400A2F3F7</string>
				<string>814275CF1D1AAC7400F95162</string>
				<string>819504A21D19A4170031EFB9</string>
				<string>819504A01D199E5D0031EFB9</string>
				<string>81B024371D18DA5B00273D14</string>
			</array>
			<key>isa</key>
			<string>PBXGroup</string>
			<key>name</key>
			<string>Images</string>
			<key>sourceTree</key>
			<string>&lt;group&gt;</string>
		</dict>
		<key>810B25081D18B26C00167D97</key>
		<dict>
			<key>children</key>
			<array>
				<string>810B25091D18B2B800167D97</string>
				<string>810B250A1D18B2B800167D97</string>
				<string>814398201D288766007FC02A</string>
				<string>814398211D288766007FC02A</string>
				<string>81DAAEDA1D2E9B2700C4CEBC</string>
				<string>81DAAEDB1D2E9B2700C4CEBC</string>
			</array>
			<key>isa</key>
			<string>PBXGroup</string>
			<key>name</key>
			<string>Categories</string>
			<key>sourceTree</key>
			<string>&lt;group&gt;</string>
		</dict>
		<key>810B25091D18B2B800167D97</key>
		<dict>
			<key>fileEncoding</key>
			<string>4</string>
			<key>isa</key>
			<string>PBXFileReference</string>
			<key>lastKnownFileType</key>
			<string>sourcecode.c.h</string>
			<key>path</key>
			<string>UIImage+UIImageExtensions.h</string>
			<key>sourceTree</key>
			<string>&lt;group&gt;</string>
		</dict>
		<key>810B250A1D18B2B800167D97</key>
		<dict>
			<key>fileEncoding</key>
			<string>4</string>
			<key>isa</key>
			<string>PBXFileReference</string>
			<key>lastKnownFileType</key>
			<string>sourcecode.c.objc</string>
			<key>path</key>
			<string>UIImage+UIImageExtensions.m</string>
			<key>sourceTree</key>
			<string>&lt;group&gt;</string>
		</dict>
		<key>810B250B1D18B2B800167D97</key>
		<dict>
			<key>fileRef</key>
			<string>810B250A1D18B2B800167D97</string>
			<key>isa</key>
			<string>PBXBuildFile</string>
		</dict>
		<key>811667191D36519A00B27A95</key>
		<dict>
			<key>fileEncoding</key>
			<string>4</string>
			<key>isa</key>
			<string>PBXFileReference</string>
			<key>lastKnownFileType</key>
			<string>sourcecode.c.h</string>
			<key>path</key>
			<string>BLCJSQMessageWrapper.h</string>
			<key>sourceTree</key>
			<string>&lt;group&gt;</string>
		</dict>
		<key>8116671A1D36519A00B27A95</key>
		<dict>
			<key>fileEncoding</key>
			<string>4</string>
			<key>isa</key>
			<string>PBXFileReference</string>
			<key>lastKnownFileType</key>
			<string>sourcecode.c.objc</string>
			<key>path</key>
			<string>BLCJSQMessageWrapper.m</string>
			<key>sourceTree</key>
			<string>&lt;group&gt;</string>
		</dict>
		<key>8116671B1D36519A00B27A95</key>
		<dict>
			<key>fileRef</key>
			<string>8116671A1D36519A00B27A95</string>
			<key>isa</key>
			<string>PBXBuildFile</string>
		</dict>
		<key>8116671C1D365DE200B27A95</key>
		<dict>
			<key>fileEncoding</key>
			<string>4</string>
			<key>isa</key>
			<string>PBXFileReference</string>
			<key>lastKnownFileType</key>
			<string>sourcecode.c.h</string>
			<key>path</key>
			<string>BLCPersistanceObject.h</string>
			<key>sourceTree</key>
			<string>&lt;group&gt;</string>
		</dict>
		<key>8116671D1D365DE200B27A95</key>
		<dict>
			<key>fileEncoding</key>
			<string>4</string>
			<key>isa</key>
			<string>PBXFileReference</string>
			<key>lastKnownFileType</key>
			<string>sourcecode.c.objc</string>
			<key>path</key>
			<string>BLCPersistanceObject.m</string>
			<key>sourceTree</key>
			<string>&lt;group&gt;</string>
		</dict>
		<key>8116671E1D365DE200B27A95</key>
		<dict>
			<key>fileRef</key>
			<string>8116671D1D365DE200B27A95</string>
			<key>isa</key>
			<string>PBXBuildFile</string>
		</dict>
		<key>811C0C0A1D1895B500B969F9</key>
		<dict>
			<key>children</key>
			<array>
				<string>818C1A071D18946000130F5B</string>
				<string>818C1A081D18946000130F5B</string>
			</array>
			<key>isa</key>
			<string>PBXGroup</string>
			<key>name</key>
			<string>App Delegate</string>
			<key>sourceTree</key>
			<string>&lt;group&gt;</string>
		</dict>
		<key>811C0C0B1D1895C700B969F9</key>
		<dict>
			<key>children</key>
			<array>
				<string>817121441D350A7A00FB6717</string>
				<string>81780F101D259517009DB3E2</string>
				<string>81780F0F1D25950D009DB3E2</string>
			</array>
			<key>isa</key>
			<string>PBXGroup</string>
			<key>name</key>
			<string>View Controllers</string>
			<key>sourceTree</key>
			<string>&lt;group&gt;</string>
		</dict>
		<key>811C0C0C1D1895D900B969F9</key>
		<dict>
			<key>children</key>
			<array>
				<string>81B024321D18CEDF00273D14</string>
				<string>81B024331D18CEDF00273D14</string>
				<string>81780F111D25B42F009DB3E2</string>
				<string>81780F121D25B42F009DB3E2</string>
				<string>817121481D35668B00FB6717</string>
				<string>817121491D35668B00FB6717</string>
				<string>81DFACFC1D3961AC00EA046E</string>
				<string>81DFACFD1D3961AC00EA046E</string>
				<string>81D340491D3BDD0E00A2F3F7</string>
				<string>81D3404A1D3BDD0E00A2F3F7</string>
			</array>
			<key>isa</key>
			<string>PBXGroup</string>
			<key>name</key>
			<string>Custom UI (Views)</string>
			<key>sourceTree</key>
			<string>&lt;group&gt;</string>
		</dict>
		<key>811C0C0D1D1895EB00B969F9</key>
		<dict>
			<key>children</key>
			<array>
				<string>8116671C1D365DE200B27A95</string>
				<string>8116671D1D365DE200B27A95</string>
			</array>
			<key>isa</key>
			<string>PBXGroup</string>
			<key>name</key>
			<string>Utility</string>
			<key>sourceTree</key>
			<string>&lt;group&gt;</string>
		</dict>
		<key>811C0C0E1D18962900B969F9</key>
		<dict>
			<key>children</key>
			<array>
				<string>818C1A121D18946100130F5B</string>
				<string>814275CD1D1AA76E00F95162</string>
				<string>81CFDD201D1FDCD7002CFD1D</string>
				<string>81CFDD211D1FDCD7002CFD1D</string>
				<string>8104B6B51D27D26D00471675</string>
				<string>8104B6B61D27D26D00471675</string>
			</array>
			<key>isa</key>
			<string>PBXGroup</string>
			<key>name</key>
			<string>StoryBoards</string>
			<key>sourceTree</key>
			<string>&lt;group&gt;</string>
		</dict>
		<key>814275CD1D1AA76E00F95162</key>
		<dict>
			<key>fileEncoding</key>
			<string>4</string>
			<key>isa</key>
			<string>PBXFileReference</string>
			<key>lastKnownFileType</key>
			<string>file.storyboard</string>
			<key>path</key>
			<string>Main.storyboard</string>
			<key>sourceTree</key>
			<string>&lt;group&gt;</string>
		</dict>
		<key>814275CE1D1AA76E00F95162</key>
		<dict>
			<key>fileRef</key>
			<string>814275CD1D1AA76E00F95162</string>
			<key>isa</key>
			<string>PBXBuildFile</string>
		</dict>
		<key>814275CF1D1AAC7400F95162</key>
		<dict>
			<key>isa</key>
			<string>PBXFileReference</string>
			<key>lastKnownFileType</key>
			<string>image.png</string>
			<key>path</key>
			<string>messages-icon.png</string>
			<key>sourceTree</key>
			<string>&lt;group&gt;</string>
		</dict>
		<key>814275D01D1AAC7400F95162</key>
		<dict>
			<key>fileRef</key>
			<string>814275CF1D1AAC7400F95162</string>
			<key>isa</key>
			<string>PBXBuildFile</string>
		</dict>
		<key>814275D11D1AACD400F95162</key>
		<dict>
			<key>isa</key>
			<string>PBXFileReference</string>
			<key>lastKnownFileType</key>
			<string>image.png</string>
			<key>path</key>
			<string>profile-icon.png</string>
			<key>sourceTree</key>
			<string>&lt;group&gt;</string>
		</dict>
		<key>814275D21D1AACD400F95162</key>
		<dict>
			<key>fileRef</key>
			<string>814275D11D1AACD400F95162</string>
			<key>isa</key>
			<string>PBXBuildFile</string>
		</dict>
		<key>814275D61D1AD04000F95162</key>
		<dict>
			<key>isa</key>
			<string>PBXFileReference</string>
			<key>lastKnownFileType</key>
			<string>image.png</string>
			<key>path</key>
			<string>Cancel-100.png</string>
			<key>sourceTree</key>
			<string>&lt;group&gt;</string>
		</dict>
		<key>814275D81D1AD04000F95162</key>
		<dict>
			<key>isa</key>
			<string>PBXFileReference</string>
			<key>lastKnownFileType</key>
			<string>image.png</string>
			<key>path</key>
			<string>Switch Camera-104.png</string>
			<key>sourceTree</key>
			<string>&lt;group&gt;</string>
		</dict>
		<key>814275D91D1AD04000F95162</key>
		<dict>
			<key>fileRef</key>
			<string>814275D61D1AD04000F95162</string>
			<key>isa</key>
			<string>PBXBuildFile</string>
		</dict>
		<key>814275DB1D1AD04000F95162</key>
		<dict>
			<key>fileRef</key>
			<string>814275D81D1AD04000F95162</string>
			<key>isa</key>
			<string>PBXBuildFile</string>
		</dict>
		<key>814275DC1D1AEE3100F95162</key>
		<dict>
			<key>isa</key>
			<string>PBXFileReference</string>
			<key>lastKnownFileType</key>
			<string>image.png</string>
			<key>path</key>
			<string>take-photo.png</string>
			<key>sourceTree</key>
			<string>&lt;group&gt;</string>
		</dict>
		<key>814275DD1D1AEE3100F95162</key>
		<dict>
			<key>fileRef</key>
			<string>814275DC1D1AEE3100F95162</string>
			<key>isa</key>
			<string>PBXBuildFile</string>
		</dict>
		<key>814275DE1D1AF48F00F95162</key>
		<dict>
			<key>isa</key>
			<string>PBXFileReference</string>
			<key>lastKnownFileType</key>
			<string>image.png</string>
			<key>path</key>
			<string>Landscape-Placeholder.png</string>
			<key>sourceTree</key>
			<string>&lt;group&gt;</string>
		</dict>
		<key>814275DF1D1AF48F00F95162</key>
		<dict>
			<key>fileRef</key>
			<string>814275DE1D1AF48F00F95162</string>
			<key>isa</key>
			<string>PBXBuildFile</string>
		</dict>
		<key>814398201D288766007FC02A</key>
		<dict>
			<key>fileEncoding</key>
			<string>4</string>
			<key>isa</key>
			<string>PBXFileReference</string>
			<key>lastKnownFileType</key>
			<string>sourcecode.c.h</string>
			<key>path</key>
			<string>UIColor+JSQMessages.h</string>
			<key>sourceTree</key>
			<string>&lt;group&gt;</string>
		</dict>
		<key>814398211D288766007FC02A</key>
		<dict>
			<key>fileEncoding</key>
			<string>4</string>
			<key>isa</key>
			<string>PBXFileReference</string>
			<key>lastKnownFileType</key>
			<string>sourcecode.c.objc</string>
			<key>path</key>
			<string>UIColor+JSQMessages.m</string>
			<key>sourceTree</key>
			<string>&lt;group&gt;</string>
		</dict>
		<key>814398221D288766007FC02A</key>
		<dict>
			<key>fileRef</key>
			<string>814398211D288766007FC02A</string>
			<key>isa</key>
			<string>PBXBuildFile</string>
		</dict>
		<key>816345B01D26BEA8004FFFA1</key>
		<dict>
			<key>children</key>
			<array>
				<string>816345B11D26BF01004FFFA1</string>
				<string>816345B21D26BF01004FFFA1</string>
				<string>816345B41D26BFA2004FFFA1</string>
				<string>816345B51D26BFA2004FFFA1</string>
				<string>8171213E1D33D72300FB6717</string>
				<string>8171213F1D33D72300FB6717</string>
				<string>811667191D36519A00B27A95</string>
				<string>8116671A1D36519A00B27A95</string>
			</array>
			<key>isa</key>
			<string>PBXGroup</string>
			<key>name</key>
			<string>Model</string>
			<key>sourceTree</key>
			<string>&lt;group&gt;</string>
		</dict>
		<key>816345B11D26BF01004FFFA1</key>
		<dict>
			<key>fileEncoding</key>
			<string>4</string>
			<key>isa</key>
			<string>PBXFileReference</string>
			<key>lastKnownFileType</key>
			<string>sourcecode.c.h</string>
			<key>path</key>
			<string>BLCConversation.h</string>
			<key>sourceTree</key>
			<string>&lt;group&gt;</string>
		</dict>
		<key>816345B21D26BF01004FFFA1</key>
		<dict>
			<key>fileEncoding</key>
			<string>4</string>
			<key>isa</key>
			<string>PBXFileReference</string>
			<key>lastKnownFileType</key>
			<string>sourcecode.c.objc</string>
			<key>path</key>
			<string>BLCConversation.m</string>
			<key>sourceTree</key>
			<string>&lt;group&gt;</string>
		</dict>
		<key>816345B31D26BF01004FFFA1</key>
		<dict>
			<key>fileRef</key>
			<string>816345B21D26BF01004FFFA1</string>
			<key>isa</key>
			<string>PBXBuildFile</string>
		</dict>
		<key>816345B41D26BFA2004FFFA1</key>
		<dict>
			<key>fileEncoding</key>
			<string>4</string>
			<key>isa</key>
			<string>PBXFileReference</string>
			<key>lastKnownFileType</key>
			<string>sourcecode.c.h</string>
			<key>path</key>
			<string>BLCUser.h</string>
			<key>sourceTree</key>
			<string>&lt;group&gt;</string>
		</dict>
		<key>816345B51D26BFA2004FFFA1</key>
		<dict>
			<key>fileEncoding</key>
			<string>4</string>
			<key>isa</key>
			<string>PBXFileReference</string>
			<key>lastKnownFileType</key>
			<string>sourcecode.c.objc</string>
			<key>path</key>
			<string>BLCUser.m</string>
			<key>sourceTree</key>
			<string>&lt;group&gt;</string>
		</dict>
		<key>816345B61D26BFA2004FFFA1</key>
		<dict>
			<key>fileRef</key>
			<string>816345B51D26BFA2004FFFA1</string>
			<key>isa</key>
			<string>PBXBuildFile</string>
		</dict>
		<key>816345B71D26C49D004FFFA1</key>
		<dict>
			<key>fileEncoding</key>
			<string>4</string>
			<key>isa</key>
			<string>PBXFileReference</string>
			<key>lastKnownFileType</key>
			<string>sourcecode.c.h</string>
			<key>path</key>
			<string>BLCConversationViewController.h</string>
			<key>sourceTree</key>
			<string>&lt;group&gt;</string>
		</dict>
		<key>816345B81D26C49D004FFFA1</key>
		<dict>
			<key>fileEncoding</key>
			<string>4</string>
			<key>isa</key>
			<string>PBXFileReference</string>
			<key>lastKnownFileType</key>
			<string>sourcecode.c.objc</string>
			<key>path</key>
			<string>BLCConversationViewController.m</string>
			<key>sourceTree</key>
			<string>&lt;group&gt;</string>
		</dict>
		<key>816345B91D26C49D004FFFA1</key>
		<dict>
			<key>fileRef</key>
			<string>816345B81D26C49D004FFFA1</string>
			<key>isa</key>
			<string>PBXBuildFile</string>
		</dict>
		<key>816345BA1D26FA9F004FFFA1</key>
		<dict>
			<key>fileEncoding</key>
			<string>4</string>
			<key>isa</key>
			<string>PBXFileReference</string>
			<key>lastKnownFileType</key>
			<string>sourcecode.c.h</string>
			<key>path</key>
			<string>BLCDataSource.h</string>
			<key>sourceTree</key>
			<string>&lt;group&gt;</string>
		</dict>
		<key>816345BB1D26FA9F004FFFA1</key>
		<dict>
			<key>fileEncoding</key>
			<string>4</string>
			<key>isa</key>
			<string>PBXFileReference</string>
			<key>lastKnownFileType</key>
			<string>sourcecode.c.objc</string>
			<key>path</key>
			<string>BLCDataSource.m</string>
			<key>sourceTree</key>
			<string>&lt;group&gt;</string>
		</dict>
		<key>816345BC1D26FA9F004FFFA1</key>
		<dict>
			<key>fileRef</key>
			<string>816345BB1D26FA9F004FFFA1</string>
			<key>isa</key>
			<string>PBXBuildFile</string>
		</dict>
		<key>816345BD1D270657004FFFA1</key>
		<dict>
			<key>fileEncoding</key>
			<string>4</string>
			<key>isa</key>
			<string>PBXFileReference</string>
			<key>lastKnownFileType</key>
			<string>sourcecode.c.h</string>
			<key>path</key>
			<string>BLCAvailableContactsSelecterTableViewController.h</string>
			<key>sourceTree</key>
			<string>&lt;group&gt;</string>
		</dict>
		<key>816345BE1D270657004FFFA1</key>
		<dict>
			<key>fileEncoding</key>
			<string>4</string>
			<key>isa</key>
			<string>PBXFileReference</string>
			<key>lastKnownFileType</key>
			<string>sourcecode.c.objc</string>
			<key>path</key>
			<string>BLCAvailableContactsSelecterTableViewController.m</string>
			<key>sourceTree</key>
			<string>&lt;group&gt;</string>
		</dict>
		<key>816345BF1D270657004FFFA1</key>
		<dict>
			<key>fileRef</key>
			<string>816345BE1D270657004FFFA1</string>
			<key>isa</key>
			<string>PBXBuildFile</string>
		</dict>
		<key>8171213E1D33D72300FB6717</key>
		<dict>
			<key>fileEncoding</key>
			<string>4</string>
			<key>isa</key>
			<string>PBXFileReference</string>
			<key>lastKnownFileType</key>
			<string>sourcecode.c.h</string>
			<key>path</key>
			<string>BLCTextMessage.h</string>
			<key>sourceTree</key>
			<string>&lt;group&gt;</string>
		</dict>
		<key>8171213F1D33D72300FB6717</key>
		<dict>
			<key>fileEncoding</key>
			<string>4</string>
			<key>isa</key>
			<string>PBXFileReference</string>
			<key>lastKnownFileType</key>
			<string>sourcecode.c.objc</string>
			<key>path</key>
			<string>BLCTextMessage.m</string>
			<key>sourceTree</key>
			<string>&lt;group&gt;</string>
		</dict>
		<key>817121401D33D72300FB6717</key>
		<dict>
			<key>fileRef</key>
			<string>8171213F1D33D72300FB6717</string>
			<key>isa</key>
			<string>PBXBuildFile</string>
		</dict>
		<key>817121411D350A6B00FB6717</key>
		<dict>
			<key>fileEncoding</key>
			<string>4</string>
			<key>isa</key>
			<string>PBXFileReference</string>
			<key>lastKnownFileType</key>
			<string>sourcecode.c.h</string>
			<key>path</key>
			<string>BLCMCBrowserViewController.h</string>
			<key>sourceTree</key>
			<string>&lt;group&gt;</string>
		</dict>
		<key>817121421D350A6B00FB6717</key>
		<dict>
			<key>fileEncoding</key>
			<string>4</string>
			<key>isa</key>
			<string>PBXFileReference</string>
			<key>lastKnownFileType</key>
			<string>sourcecode.c.objc</string>
			<key>path</key>
			<string>BLCMCBrowserViewController.m</string>
			<key>sourceTree</key>
			<string>&lt;group&gt;</string>
		</dict>
		<key>817121431D350A6B00FB6717</key>
		<dict>
			<key>fileRef</key>
			<string>817121421D350A6B00FB6717</string>
			<key>isa</key>
			<string>PBXBuildFile</string>
		</dict>
		<key>817121441D350A7A00FB6717</key>
		<dict>
			<key>children</key>
			<array>
				<string>817121411D350A6B00FB6717</string>
				<string>817121421D350A6B00FB6717</string>
			</array>
			<key>isa</key>
			<string>PBXGroup</string>
			<key>name</key>
			<string>MultiPeer</string>
			<key>sourceTree</key>
			<string>&lt;group&gt;</string>
		</dict>
		<key>817121451D35209200FB6717</key>
		<dict>
			<key>fileEncoding</key>
			<string>4</string>
			<key>isa</key>
			<string>PBXFileReference</string>
			<key>lastKnownFileType</key>
			<string>sourcecode.c.h</string>
			<key>path</key>
			<string>BLCMultiPeerManager.h</string>
			<key>sourceTree</key>
			<string>&lt;group&gt;</string>
		</dict>
		<key>817121461D35209200FB6717</key>
		<dict>
			<key>fileEncoding</key>
			<string>4</string>
			<key>isa</key>
			<string>PBXFileReference</string>
			<key>lastKnownFileType</key>
			<string>sourcecode.c.objc</string>
			<key>path</key>
			<string>BLCMultiPeerManager.m</string>
			<key>sourceTree</key>
			<string>&lt;group&gt;</string>
		</dict>
		<key>817121471D35209200FB6717</key>
		<dict>
			<key>fileRef</key>
			<string>817121461D35209200FB6717</string>
			<key>isa</key>
			<string>PBXBuildFile</string>
		</dict>
		<key>817121481D35668B00FB6717</key>
		<dict>
			<key>fileEncoding</key>
			<string>4</string>
			<key>isa</key>
			<string>PBXFileReference</string>
			<key>lastKnownFileType</key>
			<string>sourcecode.c.h</string>
			<key>path</key>
			<string>BLCConnectorCell.h</string>
			<key>sourceTree</key>
			<string>&lt;group&gt;</string>
		</dict>
		<key>817121491D35668B00FB6717</key>
		<dict>
			<key>fileEncoding</key>
			<string>4</string>
			<key>isa</key>
			<string>PBXFileReference</string>
			<key>lastKnownFileType</key>
			<string>sourcecode.c.objc</string>
			<key>path</key>
			<string>BLCConnectorCell.m</string>
			<key>sourceTree</key>
			<string>&lt;group&gt;</string>
		</dict>
		<key>8171214A1D35668B00FB6717</key>
		<dict>
			<key>fileRef</key>
			<string>817121491D35668B00FB6717</string>
			<key>isa</key>
			<string>PBXBuildFile</string>
		</dict>
		<key>81780F0F1D25950D009DB3E2</key>
		<dict>
			<key>children</key>
			<array>
				<string>818C1A0A1D18946000130F5B</string>
				<string>818C1A0B1D18946000130F5B</string>
			</array>
			<key>isa</key>
			<string>PBXGroup</string>
			<key>name</key>
			<string>Settings</string>
			<key>sourceTree</key>
			<string>&lt;group&gt;</string>
		</dict>
		<key>81780F101D259517009DB3E2</key>
		<dict>
			<key>children</key>
			<array>
				<string>810B25011D189FB600167D97</string>
				<string>810B25021D189FB600167D97</string>
				<string>816345B71D26C49D004FFFA1</string>
				<string>816345B81D26C49D004FFFA1</string>
				<string>816345BD1D270657004FFFA1</string>
				<string>816345BE1D270657004FFFA1</string>
			</array>
			<key>isa</key>
			<string>PBXGroup</string>
			<key>name</key>
			<string>Messaging</string>
			<key>sourceTree</key>
			<string>&lt;group&gt;</string>
		</dict>
		<key>81780F111D25B42F009DB3E2</key>
		<dict>
			<key>fileEncoding</key>
			<string>4</string>
			<key>isa</key>
			<string>PBXFileReference</string>
			<key>lastKnownFileType</key>
			<string>sourcecode.c.h</string>
			<key>path</key>
			<string>BLCConversationCell.h</string>
			<key>sourceTree</key>
			<string>&lt;group&gt;</string>
		</dict>
		<key>81780F121D25B42F009DB3E2</key>
		<dict>
			<key>fileEncoding</key>
			<string>4</string>
			<key>isa</key>
			<string>PBXFileReference</string>
			<key>lastKnownFileType</key>
			<string>sourcecode.c.objc</string>
			<key>path</key>
			<string>BLCConversationCell.m</string>
			<key>sourceTree</key>
			<string>&lt;group&gt;</string>
		</dict>
		<key>81780F131D25B42F009DB3E2</key>
		<dict>
			<key>fileRef</key>
			<string>81780F121D25B42F009DB3E2</string>
			<key>isa</key>
			<string>PBXBuildFile</string>
		</dict>
		<key>818C19F81D18946000130F5B</key>
		<dict>
			<key>children</key>
			<array>
				<string>818C1A031D18946000130F5B</string>
				<string>818C1A1D1D18946100130F5B</string>
				<string>818C1A021D18946000130F5B</string>
				<string>FAEA2B322ACA8F88CA382BEA</string>
				<string>1104D0295E906B014F60D68A</string>
			</array>
			<key>isa</key>
			<string>PBXGroup</string>
			<key>sourceTree</key>
			<string>&lt;group&gt;</string>
		</dict>
		<key>818C19F91D18946000130F5B</key>
		<dict>
			<key>attributes</key>
			<dict>
				<key>LastUpgradeCheck</key>
				<string>0730</string>
				<key>ORGANIZATIONNAME</key>
				<string>Bloc</string>
				<key>TargetAttributes</key>
				<dict>
					<key>818C1A001D18946000130F5B</key>
					<dict>
						<key>CreatedOnToolsVersion</key>
						<string>7.3</string>
						<key>DevelopmentTeam</key>
						<string>C84Y8645XV</string>
						<key>SystemCapabilities</key>
						<dict>
							<key>com.apple.BackgroundModes</key>
							<dict>
								<key>enabled</key>
								<string>1</string>
							</dict>
						</dict>
					</dict>
					<key>818C1A191D18946100130F5B</key>
					<dict>
						<key>CreatedOnToolsVersion</key>
						<string>7.3</string>
						<key>TestTargetID</key>
						<string>818C1A001D18946000130F5B</string>
					</dict>
				</dict>
			</dict>
			<key>buildConfigurationList</key>
			<string>818C19FC1D18946000130F5B</string>
			<key>compatibilityVersion</key>
			<string>Xcode 3.2</string>
			<key>developmentRegion</key>
			<string>English</string>
			<key>hasScannedForEncodings</key>
			<string>0</string>
			<key>isa</key>
			<string>PBXProject</string>
			<key>knownRegions</key>
			<array>
				<string>en</string>
				<string>Base</string>
			</array>
			<key>mainGroup</key>
			<string>818C19F81D18946000130F5B</string>
			<key>productRefGroup</key>
			<string>818C1A021D18946000130F5B</string>
			<key>projectDirPath</key>
			<string></string>
			<key>projectReferences</key>
			<array/>
			<key>projectRoot</key>
			<string></string>
			<key>targets</key>
			<array>
				<string>818C1A001D18946000130F5B</string>
				<string>818C1A191D18946100130F5B</string>
			</array>
		</dict>
		<key>818C19FC1D18946000130F5B</key>
		<dict>
			<key>buildConfigurations</key>
			<array>
				<string>818C1A211D18946100130F5B</string>
				<string>818C1A221D18946100130F5B</string>
			</array>
			<key>defaultConfigurationIsVisible</key>
			<string>0</string>
			<key>defaultConfigurationName</key>
			<string>Release</string>
			<key>isa</key>
			<string>XCConfigurationList</string>
		</dict>
		<key>818C19FD1D18946000130F5B</key>
		<dict>
			<key>buildActionMask</key>
			<string>2147483647</string>
			<key>files</key>
			<array>
				<string>8104B6B71D27D26D00471675</string>
				<string>817121431D350A6B00FB6717</string>
				<string>818C1A0C1D18946000130F5B</string>
				<string>817121471D35209200FB6717</string>
				<string>818C1A091D18946000130F5B</string>
				<string>816345BC1D26FA9F004FFFA1</string>
				<string>81D3404B1D3BDD0E00A2F3F7</string>
				<string>81DAAEDC1D2E9B2700C4CEBC</string>
				<string>814398221D288766007FC02A</string>
				<string>818C1A061D18946000130F5B</string>
				<string>816345B31D26BF01004FFFA1</string>
				<string>816345B61D26BFA2004FFFA1</string>
				<string>810B25031D189FB600167D97</string>
				<string>810B250B1D18B2B800167D97</string>
				<string>81BF23F91D229AD00070C042</string>
				<string>8116671E1D365DE200B27A95</string>
				<string>8171214A1D35668B00FB6717</string>
				<string>81CFDD221D1FDCD7002CFD1D</string>
				<string>816345BF1D270657004FFFA1</string>
				<string>81DFACFE1D3961AC00EA046E</string>
				<string>8116671B1D36519A00B27A95</string>
				<string>816345B91D26C49D004FFFA1</string>
				<string>81B024341D18CEDF00273D14</string>
				<string>817121401D33D72300FB6717</string>
				<string>81780F131D25B42F009DB3E2</string>
			</array>
			<key>isa</key>
			<string>PBXSourcesBuildPhase</string>
			<key>runOnlyForDeploymentPostprocessing</key>
			<string>0</string>
		</dict>
		<key>818C19FE1D18946000130F5B</key>
		<dict>
			<key>buildActionMask</key>
			<string>2147483647</string>
			<key>files</key>
			<array>
				<string>EB2D931AB8271C6E7A7B59B3</string>
				<string>09D085A1EDA76312BDD22FDD</string>
				<string>5B72E2C5B98F85C3DCCB5676</string>
				<string>33CF3751D956F67EB3782FFF</string>
				<string>5707264526E6DEB08FC4381B</string>
				<string>E8B59E6DD96AE139571A0584</string>
				<string>FA71AFD21FF5669DD66C8597</string>
				<string>B6FD166137548A0885E1B5D6</string>
				<string>057F386E77AB947B76ADAC53</string>
				<string>E0E19C0AECB7E93F3AE316F5</string>
			</array>
			<key>isa</key>
			<string>PBXFrameworksBuildPhase</string>
			<key>runOnlyForDeploymentPostprocessing</key>
			<string>0</string>
		</dict>
		<key>818C19FF1D18946000130F5B</key>
		<dict>
			<key>buildActionMask</key>
			<string>2147483647</string>
			<key>files</key>
			<array>
				<string>81D3404D1D3BE20400A2F3F7</string>
				<string>819504A31D19A4170031EFB9</string>
				<string>814275D91D1AD04000F95162</string>
				<string>818C1A141D18946100130F5B</string>
				<string>814275DF1D1AF48F00F95162</string>
				<string>81DFAD021D39B06A00EA046E</string>
				<string>814275D21D1AACD400F95162</string>
				<string>81B024381D18DA5B00273D14</string>
				<string>814275DD1D1AEE3100F95162</string>
				<string>814275CE1D1AA76E00F95162</string>
				<string>81DFAD061D39B94700EA046E</string>
				<string>81C031371D3E39720056E609</string>
				<string>819504A11D199E5D0031EFB9</string>
				<string>814275DB1D1AD04000F95162</string>
				<string>814275D01D1AAC7400F95162</string>
				<string>81DFAD041D39B93F00EA046E</string>
				<string>818C1A111D18946000130F5B</string>
				<string>81DFAD011D39B06A00EA046E</string>
			</array>
			<key>isa</key>
			<string>PBXResourcesBuildPhase</string>
			<key>runOnlyForDeploymentPostprocessing</key>
			<string>0</string>
		</dict>
		<key>818C1A001D18946000130F5B</key>
		<dict>
			<key>buildConfigurationList</key>
			<string>818C1A231D18946100130F5B</string>
			<key>buildPhases</key>
			<array>
				<string>884CE798DF30BD8A3047BCF5</string>
				<string>818C19FD1D18946000130F5B</string>
				<string>818C19FE1D18946000130F5B</string>
				<string>818C19FF1D18946000130F5B</string>
				<string>116EEC1FB1162648E9118F32</string>
				<string>FE7A910F6C9BF222DD392EEF</string>
			</array>
			<key>buildRules</key>
			<array/>
			<key>dependencies</key>
			<array/>
			<key>isa</key>
			<string>PBXNativeTarget</string>
			<key>name</key>
			<string>BlocTalk</string>
			<key>productName</key>
			<string>BlocTalk</string>
			<key>productReference</key>
			<string>818C1A011D18946000130F5B</string>
			<key>productType</key>
			<string>com.apple.product-type.application</string>
		</dict>
		<key>818C1A011D18946000130F5B</key>
		<dict>
			<key>explicitFileType</key>
			<string>wrapper.application</string>
			<key>includeInIndex</key>
			<string>0</string>
			<key>isa</key>
			<string>PBXFileReference</string>
			<key>path</key>
			<string>BlocTalk.app</string>
			<key>sourceTree</key>
			<string>BUILT_PRODUCTS_DIR</string>
		</dict>
		<key>818C1A021D18946000130F5B</key>
		<dict>
			<key>children</key>
			<array>
				<string>818C1A011D18946000130F5B</string>
				<string>818C1A1A1D18946100130F5B</string>
			</array>
			<key>isa</key>
			<string>PBXGroup</string>
			<key>name</key>
			<string>Products</string>
			<key>sourceTree</key>
			<string>&lt;group&gt;</string>
		</dict>
		<key>818C1A031D18946000130F5B</key>
		<dict>
			<key>children</key>
			<array>
				<string>816345B01D26BEA8004FFFA1</string>
				<string>810B25081D18B26C00167D97</string>
				<string>810B25051D18ACE400167D97</string>
				<string>810B25041D189FD400167D97</string>
				<string>811C0C0E1D18962900B969F9</string>
				<string>811C0C0D1D1895EB00B969F9</string>
				<string>811C0C0C1D1895D900B969F9</string>
				<string>811C0C0B1D1895C700B969F9</string>
				<string>811C0C0A1D1895B500B969F9</string>
				<string>818C1A101D18946000130F5B</string>
				<string>818C1A041D18946000130F5B</string>
			</array>
			<key>isa</key>
			<string>PBXGroup</string>
			<key>path</key>
			<string>BlocTalk</string>
			<key>sourceTree</key>
			<string>&lt;group&gt;</string>
		</dict>
		<key>818C1A041D18946000130F5B</key>
		<dict>
			<key>children</key>
			<array>
				<string>818C1A151D18946100130F5B</string>
				<string>818C1A051D18946000130F5B</string>
			</array>
			<key>isa</key>
			<string>PBXGroup</string>
			<key>name</key>
			<string>Supporting Files</string>
			<key>sourceTree</key>
			<string>&lt;group&gt;</string>
		</dict>
		<key>818C1A051D18946000130F5B</key>
		<dict>
			<key>isa</key>
			<string>PBXFileReference</string>
			<key>lastKnownFileType</key>
			<string>sourcecode.c.objc</string>
			<key>path</key>
			<string>main.m</string>
			<key>sourceTree</key>
			<string>&lt;group&gt;</string>
		</dict>
		<key>818C1A061D18946000130F5B</key>
		<dict>
			<key>fileRef</key>
			<string>818C1A051D18946000130F5B</string>
			<key>isa</key>
			<string>PBXBuildFile</string>
		</dict>
		<key>818C1A071D18946000130F5B</key>
		<dict>
			<key>isa</key>
			<string>PBXFileReference</string>
			<key>lastKnownFileType</key>
			<string>sourcecode.c.h</string>
			<key>path</key>
			<string>BLCAppDelegate.h</string>
			<key>sourceTree</key>
			<string>&lt;group&gt;</string>
		</dict>
		<key>818C1A081D18946000130F5B</key>
		<dict>
			<key>isa</key>
			<string>PBXFileReference</string>
			<key>lastKnownFileType</key>
			<string>sourcecode.c.objc</string>
			<key>path</key>
			<string>BLCAppDelegate.m</string>
			<key>sourceTree</key>
			<string>&lt;group&gt;</string>
		</dict>
		<key>818C1A091D18946000130F5B</key>
		<dict>
			<key>fileRef</key>
			<string>818C1A081D18946000130F5B</string>
			<key>isa</key>
			<string>PBXBuildFile</string>
		</dict>
		<key>818C1A0A1D18946000130F5B</key>
		<dict>
			<key>isa</key>
			<string>PBXFileReference</string>
			<key>lastKnownFileType</key>
			<string>sourcecode.c.h</string>
			<key>path</key>
			<string>BLCSettingsViewController.h</string>
			<key>sourceTree</key>
			<string>&lt;group&gt;</string>
		</dict>
		<key>818C1A0B1D18946000130F5B</key>
		<dict>
			<key>isa</key>
			<string>PBXFileReference</string>
			<key>lastKnownFileType</key>
			<string>sourcecode.c.objc</string>
			<key>path</key>
			<string>BLCSettingsViewController.m</string>
			<key>sourceTree</key>
			<string>&lt;group&gt;</string>
		</dict>
		<key>818C1A0C1D18946000130F5B</key>
		<dict>
			<key>fileRef</key>
			<string>818C1A0B1D18946000130F5B</string>
			<key>isa</key>
			<string>PBXBuildFile</string>
		</dict>
		<key>818C1A101D18946000130F5B</key>
		<dict>
			<key>isa</key>
			<string>PBXFileReference</string>
			<key>lastKnownFileType</key>
			<string>folder.assetcatalog</string>
			<key>path</key>
			<string>Assets.xcassets</string>
			<key>sourceTree</key>
			<string>&lt;group&gt;</string>
		</dict>
		<key>818C1A111D18946000130F5B</key>
		<dict>
			<key>fileRef</key>
			<string>818C1A101D18946000130F5B</string>
			<key>isa</key>
			<string>PBXBuildFile</string>
		</dict>
		<key>818C1A121D18946100130F5B</key>
		<dict>
			<key>children</key>
			<array>
				<string>818C1A131D18946100130F5B</string>
			</array>
			<key>isa</key>
			<string>PBXVariantGroup</string>
			<key>name</key>
			<string>LaunchScreen.storyboard</string>
			<key>sourceTree</key>
			<string>&lt;group&gt;</string>
		</dict>
		<key>818C1A131D18946100130F5B</key>
		<dict>
			<key>isa</key>
			<string>PBXFileReference</string>
			<key>lastKnownFileType</key>
			<string>file.storyboard</string>
			<key>name</key>
			<string>Base</string>
			<key>path</key>
			<string>Base.lproj/LaunchScreen.storyboard</string>
			<key>sourceTree</key>
			<string>&lt;group&gt;</string>
		</dict>
		<key>818C1A141D18946100130F5B</key>
		<dict>
			<key>fileRef</key>
			<string>818C1A121D18946100130F5B</string>
			<key>isa</key>
			<string>PBXBuildFile</string>
		</dict>
		<key>818C1A151D18946100130F5B</key>
		<dict>
			<key>isa</key>
			<string>PBXFileReference</string>
			<key>lastKnownFileType</key>
			<string>text.plist.xml</string>
			<key>path</key>
			<string>Info.plist</string>
			<key>sourceTree</key>
			<string>&lt;group&gt;</string>
		</dict>
		<key>818C1A161D18946100130F5B</key>
		<dict>
			<key>buildActionMask</key>
			<string>2147483647</string>
			<key>files</key>
			<array>
				<string>818C1A1F1D18946100130F5B</string>
			</array>
			<key>isa</key>
			<string>PBXSourcesBuildPhase</string>
			<key>runOnlyForDeploymentPostprocessing</key>
			<string>0</string>
		</dict>
		<key>818C1A171D18946100130F5B</key>
		<dict>
			<key>buildActionMask</key>
			<string>2147483647</string>
			<key>files</key>
			<array>
				<string>9F8655FBE0D6B94E4A48B157</string>
			</array>
			<key>isa</key>
			<string>PBXFrameworksBuildPhase</string>
			<key>runOnlyForDeploymentPostprocessing</key>
			<string>0</string>
		</dict>
		<key>818C1A181D18946100130F5B</key>
		<dict>
			<key>buildActionMask</key>
			<string>2147483647</string>
			<key>files</key>
			<array/>
			<key>isa</key>
			<string>PBXResourcesBuildPhase</string>
			<key>runOnlyForDeploymentPostprocessing</key>
			<string>0</string>
		</dict>
		<key>818C1A191D18946100130F5B</key>
		<dict>
			<key>buildConfigurationList</key>
			<string>818C1A261D18946100130F5B</string>
			<key>buildPhases</key>
			<array>
				<string>BCEC69053C2B0706A5F93A2A</string>
				<string>818C1A161D18946100130F5B</string>
				<string>818C1A171D18946100130F5B</string>
				<string>818C1A181D18946100130F5B</string>
				<string>9EE5CC11F5CA4690470DDFFE</string>
				<string>56EBB3BB9B79B859AE130337</string>
			</array>
			<key>buildRules</key>
			<array/>
			<key>dependencies</key>
			<array>
				<string>818C1A1C1D18946100130F5B</string>
			</array>
			<key>isa</key>
			<string>PBXNativeTarget</string>
			<key>name</key>
			<string>BlocTalkTests</string>
			<key>productName</key>
			<string>BlocTalkTests</string>
			<key>productReference</key>
			<string>818C1A1A1D18946100130F5B</string>
			<key>productType</key>
			<string>com.apple.product-type.bundle.unit-test</string>
		</dict>
		<key>818C1A1A1D18946100130F5B</key>
		<dict>
			<key>explicitFileType</key>
			<string>wrapper.cfbundle</string>
			<key>includeInIndex</key>
			<string>0</string>
			<key>isa</key>
			<string>PBXFileReference</string>
			<key>path</key>
			<string>BlocTalkTests.xctest</string>
			<key>sourceTree</key>
			<string>BUILT_PRODUCTS_DIR</string>
		</dict>
		<key>818C1A1B1D18946100130F5B</key>
		<dict>
			<key>containerPortal</key>
			<string>818C19F91D18946000130F5B</string>
			<key>isa</key>
			<string>PBXContainerItemProxy</string>
			<key>proxyType</key>
			<string>1</string>
			<key>remoteGlobalIDString</key>
			<string>818C1A001D18946000130F5B</string>
			<key>remoteInfo</key>
			<string>BlocTalk</string>
		</dict>
		<key>818C1A1C1D18946100130F5B</key>
		<dict>
			<key>isa</key>
			<string>PBXTargetDependency</string>
			<key>target</key>
			<string>818C1A001D18946000130F5B</string>
			<key>targetProxy</key>
			<string>818C1A1B1D18946100130F5B</string>
		</dict>
		<key>818C1A1D1D18946100130F5B</key>
		<dict>
			<key>children</key>
			<array>
				<string>818C1A1E1D18946100130F5B</string>
				<string>818C1A201D18946100130F5B</string>
			</array>
			<key>isa</key>
			<string>PBXGroup</string>
			<key>path</key>
			<string>BlocTalkTests</string>
			<key>sourceTree</key>
			<string>&lt;group&gt;</string>
		</dict>
		<key>818C1A1E1D18946100130F5B</key>
		<dict>
			<key>isa</key>
			<string>PBXFileReference</string>
			<key>lastKnownFileType</key>
			<string>sourcecode.c.objc</string>
			<key>path</key>
			<string>BlocTalkTests.m</string>
			<key>sourceTree</key>
			<string>&lt;group&gt;</string>
		</dict>
		<key>818C1A1F1D18946100130F5B</key>
		<dict>
			<key>fileRef</key>
			<string>818C1A1E1D18946100130F5B</string>
			<key>isa</key>
			<string>PBXBuildFile</string>
		</dict>
		<key>818C1A201D18946100130F5B</key>
		<dict>
			<key>isa</key>
			<string>PBXFileReference</string>
			<key>lastKnownFileType</key>
			<string>text.plist.xml</string>
			<key>path</key>
			<string>Info.plist</string>
			<key>sourceTree</key>
			<string>&lt;group&gt;</string>
		</dict>
		<key>818C1A211D18946100130F5B</key>
		<dict>
			<key>buildSettings</key>
			<dict>
				<key>ALWAYS_SEARCH_USER_PATHS</key>
				<string>NO</string>
				<key>CLANG_ANALYZER_NONNULL</key>
				<string>YES</string>
				<key>CLANG_CXX_LANGUAGE_STANDARD</key>
				<string>gnu++0x</string>
				<key>CLANG_CXX_LIBRARY</key>
				<string>libc++</string>
				<key>CLANG_ENABLE_MODULES</key>
				<string>YES</string>
				<key>CLANG_ENABLE_OBJC_ARC</key>
				<string>YES</string>
				<key>CLANG_WARN_BOOL_CONVERSION</key>
				<string>YES</string>
				<key>CLANG_WARN_CONSTANT_CONVERSION</key>
				<string>YES</string>
				<key>CLANG_WARN_DIRECT_OBJC_ISA_USAGE</key>
				<string>YES_ERROR</string>
				<key>CLANG_WARN_EMPTY_BODY</key>
				<string>YES</string>
				<key>CLANG_WARN_ENUM_CONVERSION</key>
				<string>YES</string>
				<key>CLANG_WARN_INT_CONVERSION</key>
				<string>YES</string>
				<key>CLANG_WARN_OBJC_ROOT_CLASS</key>
				<string>YES_ERROR</string>
				<key>CLANG_WARN_UNREACHABLE_CODE</key>
				<string>YES</string>
				<key>CLANG_WARN__DUPLICATE_METHOD_MATCH</key>
				<string>YES</string>
				<key>CODE_SIGN_IDENTITY</key>
				<string>iPhone Developer: I O Atoyebi (TPKXL9FM52)</string>
				<key>CODE_SIGN_IDENTITY[sdk=iphoneos*]</key>
				<string>iPhone Developer: I O Atoyebi (TPKXL9FM52)</string>
				<key>COPY_PHASE_STRIP</key>
				<string>NO</string>
				<key>DEBUG_INFORMATION_FORMAT</key>
				<string>dwarf</string>
				<key>ENABLE_STRICT_OBJC_MSGSEND</key>
				<string>YES</string>
				<key>ENABLE_TESTABILITY</key>
				<string>YES</string>
				<key>GCC_C_LANGUAGE_STANDARD</key>
				<string>gnu99</string>
				<key>GCC_DYNAMIC_NO_PIC</key>
				<string>NO</string>
				<key>GCC_NO_COMMON_BLOCKS</key>
				<string>YES</string>
				<key>GCC_OPTIMIZATION_LEVEL</key>
				<string>0</string>
				<key>GCC_PREPROCESSOR_DEFINITIONS</key>
				<array>
					<string>DEBUG=1</string>
					<string>$(inherited)</string>
				</array>
				<key>GCC_WARN_64_TO_32_BIT_CONVERSION</key>
				<string>YES</string>
				<key>GCC_WARN_ABOUT_RETURN_TYPE</key>
				<string>YES_ERROR</string>
				<key>GCC_WARN_UNDECLARED_SELECTOR</key>
				<string>YES</string>
				<key>GCC_WARN_UNINITIALIZED_AUTOS</key>
				<string>YES_AGGRESSIVE</string>
				<key>GCC_WARN_UNUSED_FUNCTION</key>
				<string>YES</string>
				<key>GCC_WARN_UNUSED_VARIABLE</key>
				<string>YES</string>
				<key>IPHONEOS_DEPLOYMENT_TARGET</key>
				<string>8.4</string>
				<key>MTL_ENABLE_DEBUG_INFO</key>
				<string>YES</string>
				<key>ONLY_ACTIVE_ARCH</key>
				<string>YES</string>
				<key>SDKROOT</key>
				<string>iphoneos</string>
				<key>TARGETED_DEVICE_FAMILY</key>
				<string>1,2</string>
			</dict>
			<key>isa</key>
			<string>XCBuildConfiguration</string>
			<key>name</key>
			<string>Debug</string>
		</dict>
		<key>818C1A221D18946100130F5B</key>
		<dict>
			<key>buildSettings</key>
			<dict>
				<key>ALWAYS_SEARCH_USER_PATHS</key>
				<string>NO</string>
				<key>CLANG_ANALYZER_NONNULL</key>
				<string>YES</string>
				<key>CLANG_CXX_LANGUAGE_STANDARD</key>
				<string>gnu++0x</string>
				<key>CLANG_CXX_LIBRARY</key>
				<string>libc++</string>
				<key>CLANG_ENABLE_MODULES</key>
				<string>YES</string>
				<key>CLANG_ENABLE_OBJC_ARC</key>
				<string>YES</string>
				<key>CLANG_WARN_BOOL_CONVERSION</key>
				<string>YES</string>
				<key>CLANG_WARN_CONSTANT_CONVERSION</key>
				<string>YES</string>
				<key>CLANG_WARN_DIRECT_OBJC_ISA_USAGE</key>
				<string>YES_ERROR</string>
				<key>CLANG_WARN_EMPTY_BODY</key>
				<string>YES</string>
				<key>CLANG_WARN_ENUM_CONVERSION</key>
				<string>YES</string>
				<key>CLANG_WARN_INT_CONVERSION</key>
				<string>YES</string>
				<key>CLANG_WARN_OBJC_ROOT_CLASS</key>
				<string>YES_ERROR</string>
				<key>CLANG_WARN_UNREACHABLE_CODE</key>
				<string>YES</string>
				<key>CLANG_WARN__DUPLICATE_METHOD_MATCH</key>
				<string>YES</string>
				<key>CODE_SIGN_IDENTITY</key>
				<string>iPhone Developer: I O Atoyebi (TPKXL9FM52)</string>
				<key>CODE_SIGN_IDENTITY[sdk=iphoneos*]</key>
				<string>iPhone Developer: I O Atoyebi (TPKXL9FM52)</string>
				<key>COPY_PHASE_STRIP</key>
				<string>NO</string>
				<key>DEBUG_INFORMATION_FORMAT</key>
				<string>dwarf-with-dsym</string>
				<key>ENABLE_NS_ASSERTIONS</key>
				<string>NO</string>
				<key>ENABLE_STRICT_OBJC_MSGSEND</key>
				<string>YES</string>
				<key>GCC_C_LANGUAGE_STANDARD</key>
				<string>gnu99</string>
				<key>GCC_NO_COMMON_BLOCKS</key>
				<string>YES</string>
				<key>GCC_WARN_64_TO_32_BIT_CONVERSION</key>
				<string>YES</string>
				<key>GCC_WARN_ABOUT_RETURN_TYPE</key>
				<string>YES_ERROR</string>
				<key>GCC_WARN_UNDECLARED_SELECTOR</key>
				<string>YES</string>
				<key>GCC_WARN_UNINITIALIZED_AUTOS</key>
				<string>YES_AGGRESSIVE</string>
				<key>GCC_WARN_UNUSED_FUNCTION</key>
				<string>YES</string>
				<key>GCC_WARN_UNUSED_VARIABLE</key>
				<string>YES</string>
				<key>IPHONEOS_DEPLOYMENT_TARGET</key>
				<string>8.4</string>
				<key>MTL_ENABLE_DEBUG_INFO</key>
				<string>NO</string>
				<key>SDKROOT</key>
				<string>iphoneos</string>
				<key>TARGETED_DEVICE_FAMILY</key>
				<string>1,2</string>
				<key>VALIDATE_PRODUCT</key>
				<string>YES</string>
			</dict>
			<key>isa</key>
			<string>XCBuildConfiguration</string>
			<key>name</key>
			<string>Release</string>
		</dict>
		<key>818C1A231D18946100130F5B</key>
		<dict>
			<key>buildConfigurations</key>
			<array>
				<string>818C1A241D18946100130F5B</string>
				<string>818C1A251D18946100130F5B</string>
			</array>
			<key>defaultConfigurationIsVisible</key>
			<string>0</string>
			<key>defaultConfigurationName</key>
			<string>Release</string>
			<key>isa</key>
			<string>XCConfigurationList</string>
		</dict>
		<key>818C1A241D18946100130F5B</key>
		<dict>
			<key>baseConfigurationReference</key>
			<string>2A74DF3D771D1BF95B5B9EF1</string>
			<key>buildSettings</key>
			<dict>
				<key>ASSETCATALOG_COMPILER_APPICON_NAME</key>
				<string>AppIcon</string>
				<key>CODE_SIGN_IDENTITY</key>
				<string>iPhone Developer: I O Atoyebi (TPKXL9FM52)</string>
				<key>FRAMEWORK_SEARCH_PATHS</key>
				<array>
					<string>$(inherited)</string>
					<string>$(PROJECT_DIR)</string>
				</array>
				<key>INFOPLIST_FILE</key>
				<string>BlocTalk/Info.plist</string>
				<key>IPHONEOS_DEPLOYMENT_TARGET</key>
				<string>8.4</string>
				<key>LD_RUNPATH_SEARCH_PATHS</key>
				<string>$(inherited) @executable_path/Frameworks</string>
				<key>PRODUCT_BUNDLE_IDENTIFIER</key>
				<string>com.Bloc.BlocTalk</string>
				<key>PRODUCT_NAME</key>
				<string>$(TARGET_NAME)</string>
				<key>TARGETED_DEVICE_FAMILY</key>
				<string>1</string>
			</dict>
			<key>isa</key>
			<string>XCBuildConfiguration</string>
			<key>name</key>
			<string>Debug</string>
		</dict>
		<key>818C1A251D18946100130F5B</key>
		<dict>
			<key>baseConfigurationReference</key>
			<string>516A938A131C65C5482CCEC0</string>
			<key>buildSettings</key>
			<dict>
				<key>ASSETCATALOG_COMPILER_APPICON_NAME</key>
				<string>AppIcon</string>
				<key>CODE_SIGN_IDENTITY</key>
				<string>iPhone Developer: I O Atoyebi (TPKXL9FM52)</string>
				<key>FRAMEWORK_SEARCH_PATHS</key>
				<array>
					<string>$(inherited)</string>
					<string>$(PROJECT_DIR)</string>
				</array>
				<key>INFOPLIST_FILE</key>
				<string>BlocTalk/Info.plist</string>
				<key>IPHONEOS_DEPLOYMENT_TARGET</key>
				<string>8.4</string>
				<key>LD_RUNPATH_SEARCH_PATHS</key>
				<string>$(inherited) @executable_path/Frameworks</string>
				<key>PRODUCT_BUNDLE_IDENTIFIER</key>
				<string>com.Bloc.BlocTalk</string>
				<key>PRODUCT_NAME</key>
				<string>$(TARGET_NAME)</string>
				<key>TARGETED_DEVICE_FAMILY</key>
				<string>1</string>
			</dict>
			<key>isa</key>
			<string>XCBuildConfiguration</string>
			<key>name</key>
			<string>Release</string>
		</dict>
		<key>818C1A261D18946100130F5B</key>
		<dict>
			<key>buildConfigurations</key>
			<array>
				<string>818C1A271D18946100130F5B</string>
				<string>818C1A281D18946100130F5B</string>
			</array>
			<key>defaultConfigurationIsVisible</key>
			<string>0</string>
			<key>defaultConfigurationName</key>
			<string>Release</string>
			<key>isa</key>
			<string>XCConfigurationList</string>
		</dict>
		<key>818C1A271D18946100130F5B</key>
		<dict>
			<key>baseConfigurationReference</key>
			<string>6F5F2EBBDE283A13518A02D9</string>
			<key>buildSettings</key>
			<dict>
				<key>BUNDLE_LOADER</key>
				<string>$(TEST_HOST)</string>
				<key>INFOPLIST_FILE</key>
				<string>BlocTalkTests/Info.plist</string>
				<key>LD_RUNPATH_SEARCH_PATHS</key>
				<string>$(inherited) @executable_path/Frameworks @loader_path/Frameworks</string>
				<key>PRODUCT_BUNDLE_IDENTIFIER</key>
				<string>com.Bloc.BlocTalkTests</string>
				<key>PRODUCT_NAME</key>
				<string>$(TARGET_NAME)</string>
				<key>TEST_HOST</key>
				<string>$(BUILT_PRODUCTS_DIR)/BlocTalk.app/BlocTalk</string>
			</dict>
			<key>isa</key>
			<string>XCBuildConfiguration</string>
			<key>name</key>
			<string>Debug</string>
		</dict>
		<key>818C1A281D18946100130F5B</key>
		<dict>
			<key>baseConfigurationReference</key>
			<string>28919FAB3B5BACB55E819577</string>
			<key>buildSettings</key>
			<dict>
				<key>BUNDLE_LOADER</key>
				<string>$(TEST_HOST)</string>
				<key>INFOPLIST_FILE</key>
				<string>BlocTalkTests/Info.plist</string>
				<key>LD_RUNPATH_SEARCH_PATHS</key>
				<string>$(inherited) @executable_path/Frameworks @loader_path/Frameworks</string>
				<key>PRODUCT_BUNDLE_IDENTIFIER</key>
				<string>com.Bloc.BlocTalkTests</string>
				<key>PRODUCT_NAME</key>
				<string>$(TARGET_NAME)</string>
				<key>TEST_HOST</key>
				<string>$(BUILT_PRODUCTS_DIR)/BlocTalk.app/BlocTalk</string>
			</dict>
			<key>isa</key>
			<string>XCBuildConfiguration</string>
			<key>name</key>
			<string>Release</string>
		</dict>
		<key>819504A01D199E5D0031EFB9</key>
		<dict>
			<key>isa</key>
			<string>PBXFileReference</string>
			<key>lastKnownFileType</key>
			<string>image.png</string>
			<key>path</key>
			<string>Ok-icon.png</string>
			<key>sourceTree</key>
			<string>&lt;group&gt;</string>
		</dict>
		<key>819504A11D199E5D0031EFB9</key>
		<dict>
			<key>fileRef</key>
			<string>819504A01D199E5D0031EFB9</string>
			<key>isa</key>
			<string>PBXBuildFile</string>
		</dict>
		<key>819504A21D19A4170031EFB9</key>
		<dict>
			<key>isa</key>
			<string>PBXFileReference</string>
			<key>lastKnownFileType</key>
			<string>image.png</string>
			<key>path</key>
			<string>edit-textbox.png</string>
			<key>sourceTree</key>
			<string>&lt;group&gt;</string>
		</dict>
		<key>819504A31D19A4170031EFB9</key>
		<dict>
			<key>fileRef</key>
			<string>819504A21D19A4170031EFB9</string>
			<key>isa</key>
			<string>PBXBuildFile</string>
		</dict>
		<key>81B024321D18CEDF00273D14</key>
		<dict>
			<key>fileEncoding</key>
			<string>4</string>
			<key>isa</key>
			<string>PBXFileReference</string>
			<key>lastKnownFileType</key>
			<string>sourcecode.c.h</string>
			<key>path</key>
			<string>BLCProfilePictureImageView.h</string>
			<key>sourceTree</key>
			<string>&lt;group&gt;</string>
		</dict>
		<key>81B024331D18CEDF00273D14</key>
		<dict>
			<key>fileEncoding</key>
			<string>4</string>
			<key>isa</key>
			<string>PBXFileReference</string>
			<key>lastKnownFileType</key>
			<string>sourcecode.c.objc</string>
			<key>path</key>
			<string>BLCProfilePictureImageView.m</string>
			<key>sourceTree</key>
			<string>&lt;group&gt;</string>
		</dict>
		<key>81B024341D18CEDF00273D14</key>
		<dict>
			<key>fileRef</key>
			<string>81B024331D18CEDF00273D14</string>
			<key>isa</key>
			<string>PBXBuildFile</string>
		</dict>
		<key>81B024371D18DA5B00273D14</key>
		<dict>
			<key>isa</key>
			<string>PBXFileReference</string>
			<key>lastKnownFileType</key>
			<string>image.jpeg</string>
			<key>path</key>
			<string>profile-placeholder.jpg</string>
			<key>sourceTree</key>
			<string>&lt;group&gt;</string>
		</dict>
		<key>81B024381D18DA5B00273D14</key>
		<dict>
			<key>fileRef</key>
			<string>81B024371D18DA5B00273D14</string>
			<key>isa</key>
			<string>PBXBuildFile</string>
		</dict>
		<key>81BF23F71D229AD00070C042</key>
		<dict>
			<key>fileEncoding</key>
			<string>4</string>
			<key>isa</key>
			<string>PBXFileReference</string>
			<key>lastKnownFileType</key>
			<string>sourcecode.c.h</string>
			<key>path</key>
			<string>BLCMultiPeerConnector.h</string>
			<key>sourceTree</key>
			<string>&lt;group&gt;</string>
		</dict>
		<key>81BF23F81D229AD00070C042</key>
		<dict>
			<key>fileEncoding</key>
			<string>4</string>
			<key>isa</key>
			<string>PBXFileReference</string>
			<key>lastKnownFileType</key>
			<string>sourcecode.c.objc</string>
			<key>path</key>
			<string>BLCMultiPeerConnector.m</string>
			<key>sourceTree</key>
			<string>&lt;group&gt;</string>
		</dict>
		<key>81BF23F91D229AD00070C042</key>
		<dict>
			<key>fileRef</key>
			<string>81BF23F81D229AD00070C042</string>
			<key>isa</key>
			<string>PBXBuildFile</string>
		</dict>
		<key>81C031361D3E39720056E609</key>
		<dict>
			<key>isa</key>
			<string>PBXFileReference</string>
			<key>lastKnownFileType</key>
			<string>image.png</string>
			<key>path</key>
			<string>chat.png</string>
			<key>sourceTree</key>
			<string>&lt;group&gt;</string>
		</dict>
		<key>81C031371D3E39720056E609</key>
		<dict>
			<key>fileRef</key>
			<string>81C031361D3E39720056E609</string>
			<key>isa</key>
			<string>PBXBuildFile</string>
		</dict>
		<key>81CFDD201D1FDCD7002CFD1D</key>
		<dict>
			<key>fileEncoding</key>
			<string>4</string>
			<key>isa</key>
			<string>PBXFileReference</string>
			<key>lastKnownFileType</key>
			<string>sourcecode.c.h</string>
			<key>path</key>
			<string>BLCDissmissSegue.h</string>
			<key>sourceTree</key>
			<string>&lt;group&gt;</string>
		</dict>
		<key>81CFDD211D1FDCD7002CFD1D</key>
		<dict>
			<key>fileEncoding</key>
			<string>4</string>
			<key>isa</key>
			<string>PBXFileReference</string>
			<key>lastKnownFileType</key>
			<string>sourcecode.c.objc</string>
			<key>path</key>
			<string>BLCDissmissSegue.m</string>
			<key>sourceTree</key>
			<string>&lt;group&gt;</string>
		</dict>
		<key>81CFDD221D1FDCD7002CFD1D</key>
		<dict>
			<key>fileRef</key>
			<string>81CFDD211D1FDCD7002CFD1D</string>
			<key>isa</key>
			<string>PBXBuildFile</string>
		</dict>
		<key>81D340491D3BDD0E00A2F3F7</key>
		<dict>
			<key>fileEncoding</key>
			<string>4</string>
			<key>isa</key>
			<string>PBXFileReference</string>
			<key>lastKnownFileType</key>
			<string>sourcecode.c.h</string>
			<key>path</key>
			<string>HDNotificationView.h</string>
			<key>sourceTree</key>
			<string>&lt;group&gt;</string>
		</dict>
		<key>81D3404A1D3BDD0E00A2F3F7</key>
		<dict>
			<key>fileEncoding</key>
			<string>4</string>
			<key>isa</key>
			<string>PBXFileReference</string>
			<key>lastKnownFileType</key>
			<string>sourcecode.c.objc</string>
			<key>path</key>
			<string>HDNotificationView.m</string>
			<key>sourceTree</key>
			<string>&lt;group&gt;</string>
		</dict>
		<key>81D3404B1D3BDD0E00A2F3F7</key>
		<dict>
			<key>fileRef</key>
			<string>81D3404A1D3BDD0E00A2F3F7</string>
			<key>isa</key>
			<string>PBXBuildFile</string>
		</dict>
		<key>81D3404C1D3BE20400A2F3F7</key>
		<dict>
			<key>isa</key>
			<string>PBXFileReference</string>
			<key>lastKnownFileType</key>
			<string>image.png</string>
			<key>path</key>
			<string>checked_icon2.png</string>
			<key>sourceTree</key>
			<string>&lt;group&gt;</string>
		</dict>
		<key>81D3404D1D3BE20400A2F3F7</key>
		<dict>
			<key>fileRef</key>
			<string>81D3404C1D3BE20400A2F3F7</string>
			<key>isa</key>
			<string>PBXBuildFile</string>
		</dict>
		<key>81DAAEDA1D2E9B2700C4CEBC</key>
		<dict>
			<key>fileEncoding</key>
			<string>4</string>
			<key>isa</key>
			<string>PBXFileReference</string>
			<key>lastKnownFileType</key>
			<string>sourcecode.c.h</string>
			<key>path</key>
			<string>MCSession+PeerDataManipulation.h</string>
			<key>sourceTree</key>
			<string>&lt;group&gt;</string>
		</dict>
		<key>81DAAEDB1D2E9B2700C4CEBC</key>
		<dict>
			<key>fileEncoding</key>
			<string>4</string>
			<key>isa</key>
			<string>PBXFileReference</string>
			<key>lastKnownFileType</key>
			<string>sourcecode.c.objc</string>
			<key>path</key>
			<string>MCSession+PeerDataManipulation.m</string>
			<key>sourceTree</key>
			<string>&lt;group&gt;</string>
		</dict>
		<key>81DAAEDC1D2E9B2700C4CEBC</key>
		<dict>
			<key>fileRef</key>
			<string>81DAAEDB1D2E9B2700C4CEBC</string>
			<key>isa</key>
			<string>PBXBuildFile</string>
		</dict>
		<key>81DFACFC1D3961AC00EA046E</key>
		<dict>
			<key>fileEncoding</key>
			<string>4</string>
			<key>isa</key>
			<string>PBXFileReference</string>
			<key>lastKnownFileType</key>
			<string>sourcecode.c.h</string>
			<key>path</key>
			<string>BLCNavBarConversationTitleView.h</string>
			<key>sourceTree</key>
			<string>&lt;group&gt;</string>
		</dict>
		<key>81DFACFD1D3961AC00EA046E</key>
		<dict>
			<key>fileEncoding</key>
			<string>4</string>
			<key>isa</key>
			<string>PBXFileReference</string>
			<key>lastKnownFileType</key>
			<string>sourcecode.c.objc</string>
			<key>path</key>
			<string>BLCNavBarConversationTitleView.m</string>
			<key>sourceTree</key>
			<string>&lt;group&gt;</string>
		</dict>
		<key>81DFACFE1D3961AC00EA046E</key>
		<dict>
			<key>fileRef</key>
			<string>81DFACFD1D3961AC00EA046E</string>
			<key>isa</key>
			<string>PBXBuildFile</string>
		</dict>
		<key>81DFACFF1D39B06A00EA046E</key>
		<dict>
			<key>isa</key>
			<string>PBXFileReference</string>
			<key>lastKnownFileType</key>
			<string>image.png</string>
			<key>path</key>
			<string>disconnected_icon.png</string>
			<key>sourceTree</key>
			<string>&lt;group&gt;</string>
		</dict>
		<key>81DFAD001D39B06A00EA046E</key>
		<dict>
			<key>isa</key>
			<string>PBXFileReference</string>
			<key>lastKnownFileType</key>
			<string>image.png</string>
			<key>path</key>
			<string>connected_icon.png</string>
			<key>sourceTree</key>
			<string>&lt;group&gt;</string>
		</dict>
		<key>81DFAD011D39B06A00EA046E</key>
		<dict>
			<key>fileRef</key>
			<string>81DFACFF1D39B06A00EA046E</string>
			<key>isa</key>
			<string>PBXBuildFile</string>
		</dict>
		<key>81DFAD021D39B06A00EA046E</key>
		<dict>
			<key>fileRef</key>
			<string>81DFAD001D39B06A00EA046E</string>
			<key>isa</key>
			<string>PBXBuildFile</string>
		</dict>
		<key>81DFAD031D39B93F00EA046E</key>
		<dict>
			<key>isa</key>
			<string>PBXFileReference</string>
			<key>lastKnownFileType</key>
			<string>image.png</string>
			<key>path</key>
			<string>disconnected-chains.png</string>
			<key>sourceTree</key>
			<string>&lt;group&gt;</string>
		</dict>
		<key>81DFAD041D39B93F00EA046E</key>
		<dict>
			<key>fileRef</key>
			<string>81DFAD031D39B93F00EA046E</string>
			<key>isa</key>
			<string>PBXBuildFile</string>
		</dict>
		<key>81DFAD051D39B94700EA046E</key>
		<dict>
			<key>isa</key>
			<string>PBXFileReference</string>
			<key>lastKnownFileType</key>
			<string>image.png</string>
			<key>path</key>
			<string>link.png</string>
			<key>sourceTree</key>
			<string>&lt;group&gt;</string>
		</dict>
		<key>81DFAD061D39B94700EA046E</key>
		<dict>
			<key>fileRef</key>
			<string>81DFAD051D39B94700EA046E</string>
			<key>isa</key>
			<string>PBXBuildFile</string>
		</dict>
		<key>884CE798DF30BD8A3047BCF5</key>
		<dict>
			<key>buildActionMask</key>
			<string>2147483647</string>
			<key>files</key>
			<array/>
			<key>inputPaths</key>
			<array/>
			<key>isa</key>
			<string>PBXShellScriptBuildPhase</string>
			<key>name</key>
			<string>&#128230; Check Pods Manifest.lock</string>
			<key>outputPaths</key>
			<array/>
			<key>runOnlyForDeploymentPostprocessing</key>
			<string>0</string>
			<key>shellPath</key>
			<string>/bin/sh</string>
			<key>shellScript</key>
			<string>diff "${PODS_ROOT}/../Podfile.lock" "${PODS_ROOT}/Manifest.lock" &gt; /dev/null
if [[ $? != 0 ]] ; then
    cat &lt;&lt; EOM
error: The sandbox is not in sync with the Podfile.lock. Run 'pod install' or update your CocoaPods installation.
EOM
    exit 1
fi
</string>
			<key>showEnvVarsInLog</key>
			<string>0</string>
		</dict>
		<key>95FECF17C0BBD475A23662D1</key>
		<dict>
			<key>isa</key>
			<string>PBXFileReference</string>
			<key>lastKnownFileType</key>
			<string>wrapper.framework</string>
			<key>name</key>
			<string>BuddyBuildSDK.framework</string>
			<key>path</key>
			<string>BuddyBuildSDK.framework</string>
			<key>sourceTree</key>
			<string>&lt;group&gt;</string>
		</dict>
		<key>9EE5CC11F5CA4690470DDFFE</key>
		<dict>
			<key>buildActionMask</key>
			<string>2147483647</string>
			<key>files</key>
			<array/>
			<key>inputPaths</key>
			<array/>
			<key>isa</key>
			<string>PBXShellScriptBuildPhase</string>
			<key>name</key>
			<string>&#128230; Embed Pods Frameworks</string>
			<key>outputPaths</key>
			<array/>
			<key>runOnlyForDeploymentPostprocessing</key>
			<string>0</string>
			<key>shellPath</key>
			<string>/bin/sh</string>
			<key>shellScript</key>
			<string>"${SRCROOT}/Pods/Target Support Files/Pods-BlocTalkTests/Pods-BlocTalkTests-frameworks.sh"
</string>
			<key>showEnvVarsInLog</key>
			<string>0</string>
		</dict>
		<key>9F8655FBE0D6B94E4A48B157</key>
		<dict>
			<key>fileRef</key>
			<string>2F0FDDDCB56EB80186E77BEC</string>
			<key>isa</key>
			<string>PBXBuildFile</string>
		</dict>
		<key>A94CCEBADF2ED709B51A6FC6</key>
		<dict>
			<key>isa</key>
			<string>PBXFileReference</string>
			<key>lastKnownFileType</key>
			<string>wrapper.framework</string>
			<key>name</key>
			<string>CoreVideo.framework</string>
			<key>path</key>
			<string>System/Library/Frameworks/CoreVideo.framework</string>
			<key>sourceTree</key>
			<string>SDKROOT</string>
		</dict>
		<key>B2B749CF830F02E901E7E99A</key>
		<dict>
			<key>isa</key>
			<string>PBXFileReference</string>
			<key>lastKnownFileType</key>
			<string>wrapper.framework</string>
			<key>name</key>
			<string>CoreText.framework</string>
			<key>path</key>
			<string>System/Library/Frameworks/CoreText.framework</string>
			<key>sourceTree</key>
			<string>SDKROOT</string>
		</dict>
		<key>B6FD166137548A0885E1B5D6</key>
		<dict>
			<key>fileRef</key>
			<string>5B71D0709488D6FC3E1E9BA1</string>
			<key>isa</key>
			<string>PBXBuildFile</string>
		</dict>
		<key>BCEC69053C2B0706A5F93A2A</key>
		<dict>
			<key>buildActionMask</key>
			<string>2147483647</string>
			<key>files</key>
			<array/>
			<key>inputPaths</key>
			<array/>
			<key>isa</key>
			<string>PBXShellScriptBuildPhase</string>
			<key>name</key>
			<string>&#128230; Check Pods Manifest.lock</string>
			<key>outputPaths</key>
			<array/>
			<key>runOnlyForDeploymentPostprocessing</key>
			<string>0</string>
			<key>shellPath</key>
			<string>/bin/sh</string>
			<key>shellScript</key>
			<string>diff "${PODS_ROOT}/../Podfile.lock" "${PODS_ROOT}/Manifest.lock" &gt; /dev/null
if [[ $? != 0 ]] ; then
    cat &lt;&lt; EOM
error: The sandbox is not in sync with the Podfile.lock. Run 'pod install' or update your CocoaPods installation.
EOM
    exit 1
fi
</string>
			<key>showEnvVarsInLog</key>
			<string>0</string>
		</dict>
		<key>D96123EC4719F808BC075C80</key>
		<dict>
			<key>isa</key>
			<string>PBXFileReference</string>
			<key>lastKnownFileType</key>
			<string>wrapper.framework</string>
			<key>name</key>
			<string>CoreTelephony.framework</string>
			<key>path</key>
			<string>System/Library/Frameworks/CoreTelephony.framework</string>
			<key>sourceTree</key>
			<string>SDKROOT</string>
		</dict>
		<key>E0E19C0AECB7E93F3AE316F5</key>
		<dict>
			<key>fileRef</key>
			<string>A94CCEBADF2ED709B51A6FC6</string>
			<key>isa</key>
			<string>PBXBuildFile</string>
		</dict>
		<key>E8B59E6DD96AE139571A0584</key>
		<dict>
			<key>fileRef</key>
			<string>60F453FD79274952CF32B717</string>
			<key>isa</key>
			<string>PBXBuildFile</string>
		</dict>
		<key>E94CAA2E47273D2FE97E4835</key>
		<dict>
			<key>explicitFileType</key>
			<string>archive.ar</string>
			<key>includeInIndex</key>
			<string>0</string>
			<key>isa</key>
			<string>PBXFileReference</string>
			<key>path</key>
			<string>libPods-BlocTalk.a</string>
			<key>sourceTree</key>
			<string>BUILT_PRODUCTS_DIR</string>
		</dict>
		<key>EB2D931AB8271C6E7A7B59B3</key>
		<dict>
			<key>fileRef</key>
			<string>E94CAA2E47273D2FE97E4835</string>
			<key>isa</key>
			<string>PBXBuildFile</string>
		</dict>
		<key>FA71AFD21FF5669DD66C8597</key>
		<dict>
			<key>fileRef</key>
			<string>5F3F1D932E50994A0ED4923C</string>
			<key>isa</key>
			<string>PBXBuildFile</string>
		</dict>
		<key>FAEA2B322ACA8F88CA382BEA</key>
		<dict>
			<key>children</key>
			<array>
				<string>2A74DF3D771D1BF95B5B9EF1</string>
				<string>516A938A131C65C5482CCEC0</string>
				<string>6F5F2EBBDE283A13518A02D9</string>
				<string>28919FAB3B5BACB55E819577</string>
			</array>
			<key>isa</key>
			<string>PBXGroup</string>
			<key>name</key>
			<string>Pods</string>
			<key>sourceTree</key>
			<string>&lt;group&gt;</string>
		</dict>
		<key>FE7A910F6C9BF222DD392EEF</key>
		<dict>
			<key>buildActionMask</key>
			<string>2147483647</string>
			<key>files</key>
			<array/>
			<key>inputPaths</key>
			<array/>
			<key>isa</key>
			<string>PBXShellScriptBuildPhase</string>
			<key>name</key>
			<string>&#128230; Copy Pods Resources</string>
			<key>outputPaths</key>
			<array/>
			<key>runOnlyForDeploymentPostprocessing</key>
			<string>0</string>
			<key>shellPath</key>
			<string>/bin/sh</string>
			<key>shellScript</key>
			<string>"${SRCROOT}/Pods/Target Support Files/Pods-BlocTalk/Pods-BlocTalk-resources.sh"
</string>
			<key>showEnvVarsInLog</key>
			<string>0</string>
		</dict>
	</dict>
	<key>rootObject</key>
	<string>818C19F91D18946000130F5B</string>
</dict>
</plist>
