// !$*UTF8*$!
{
	archiveVersion = 1;
	classes = {
	};
	objectVersion = 46;
	objects = {

/* Begin PBXBuildFile section */
		8104B6B71D27D26D00471675 /* BLCRemoveMiddleVCSegue.m in Sources */ = {isa = PBXBuildFile; fileRef = 8104B6B61D27D26D00471675 /* BLCRemoveMiddleVCSegue.m */; };
		810B25031D189FB600167D97 /* BLCConversationListViewController.m in Sources */ = {isa = PBXBuildFile; fileRef = 810B25021D189FB600167D97 /* BLCConversationListViewController.m */; };
		810B250B1D18B2B800167D97 /* UIImage+UIImageExtensions.m in Sources */ = {isa = PBXBuildFile; fileRef = 810B250A1D18B2B800167D97 /* UIImage+UIImageExtensions.m */; };
		810C76F21D48C86B00469A4C /* BLCBaseConversationCell.m in Sources */ = {isa = PBXBuildFile; fileRef = 810C76F11D48C86B00469A4C /* BLCBaseConversationCell.m */; };
		810C76F61D48CEFA00469A4C /* BLCNewConversationCell.m in Sources */ = {isa = PBXBuildFile; fileRef = 810C76F51D48CEFA00469A4C /* BLCNewConversationCell.m */; };
		810C76FE1D4930CF00469A4C /* BLCArchivedConversationListViewController.m in Sources */ = {isa = PBXBuildFile; fileRef = 810C76FD1D4930CF00469A4C /* BLCArchivedConversationListViewController.m */; };
		8116671B1D36519A00B27A95 /* BLCJSQMessageWrapper.m in Sources */ = {isa = PBXBuildFile; fileRef = 8116671A1D36519A00B27A95 /* BLCJSQMessageWrapper.m */; };
		8116671E1D365DE200B27A95 /* BLCPersistanceObject.m in Sources */ = {isa = PBXBuildFile; fileRef = 8116671D1D365DE200B27A95 /* BLCPersistanceObject.m */; };
		814275CE1D1AA76E00F95162 /* Main.storyboard in Resources */ = {isa = PBXBuildFile; fileRef = 814275CD1D1AA76E00F95162 /* Main.storyboard */; };
		814275D01D1AAC7400F95162 /* messages-icon.png in Resources */ = {isa = PBXBuildFile; fileRef = 814275CF1D1AAC7400F95162 /* messages-icon.png */; };
		814275D21D1AACD400F95162 /* profile-icon.png in Resources */ = {isa = PBXBuildFile; fileRef = 814275D11D1AACD400F95162 /* profile-icon.png */; };
		814275D91D1AD04000F95162 /* Cancel-100.png in Resources */ = {isa = PBXBuildFile; fileRef = 814275D61D1AD04000F95162 /* Cancel-100.png */; };
		814275DB1D1AD04000F95162 /* Switch Camera-104.png in Resources */ = {isa = PBXBuildFile; fileRef = 814275D81D1AD04000F95162 /* Switch Camera-104.png */; };
		814275DD1D1AEE3100F95162 /* take-photo.png in Resources */ = {isa = PBXBuildFile; fileRef = 814275DC1D1AEE3100F95162 /* take-photo.png */; };
		814275DF1D1AF48F00F95162 /* Landscape-Placeholder.png in Resources */ = {isa = PBXBuildFile; fileRef = 814275DE1D1AF48F00F95162 /* Landscape-Placeholder.png */; };
		814398221D288766007FC02A /* UIColor+JSQMessages.m in Sources */ = {isa = PBXBuildFile; fileRef = 814398211D288766007FC02A /* UIColor+JSQMessages.m */; };
		816345B31D26BF01004FFFA1 /* BLCConversation.m in Sources */ = {isa = PBXBuildFile; fileRef = 816345B21D26BF01004FFFA1 /* BLCConversation.m */; };
		816345B61D26BFA2004FFFA1 /* BLCUser.m in Sources */ = {isa = PBXBuildFile; fileRef = 816345B51D26BFA2004FFFA1 /* BLCUser.m */; };
		816345B91D26C49D004FFFA1 /* BLCConversationViewController.m in Sources */ = {isa = PBXBuildFile; fileRef = 816345B81D26C49D004FFFA1 /* BLCConversationViewController.m */; };
		816345BC1D26FA9F004FFFA1 /* BLCDataSource.m in Sources */ = {isa = PBXBuildFile; fileRef = 816345BB1D26FA9F004FFFA1 /* BLCDataSource.m */; };
		816345BF1D270657004FFFA1 /* BLCAvailableContactsSelecterTableViewController.m in Sources */ = {isa = PBXBuildFile; fileRef = 816345BE1D270657004FFFA1 /* BLCAvailableContactsSelecterTableViewController.m */; };
		817121401D33D72300FB6717 /* BLCTextMessage.m in Sources */ = {isa = PBXBuildFile; fileRef = 8171213F1D33D72300FB6717 /* BLCTextMessage.m */; };
		817121431D350A6B00FB6717 /* BLCMCBrowserViewController.m in Sources */ = {isa = PBXBuildFile; fileRef = 817121421D350A6B00FB6717 /* BLCMCBrowserViewController.m */; };
		817121471D35209200FB6717 /* BLCMultiPeerManager.m in Sources */ = {isa = PBXBuildFile; fileRef = 817121461D35209200FB6717 /* BLCMultiPeerManager.m */; };
		8171214A1D35668B00FB6717 /* BLCConnectorCell.m in Sources */ = {isa = PBXBuildFile; fileRef = 817121491D35668B00FB6717 /* BLCConnectorCell.m */; };
		81780F131D25B42F009DB3E2 /* BLCConversationCell.m in Sources */ = {isa = PBXBuildFile; fileRef = 81780F121D25B42F009DB3E2 /* BLCConversationCell.m */; };
		8180DC4B1D464C7500D06277 /* BLCButtonSwipeView.m in Sources */ = {isa = PBXBuildFile; fileRef = 8180DC4A1D464C7500D06277 /* BLCButtonSwipeView.m */; };
		8180DC4D1D466E5500D06277 /* archive.png in Resources */ = {isa = PBXBuildFile; fileRef = 8180DC4C1D466E5500D06277 /* archive.png */; };
		818C1A061D18946000130F5B /* main.m in Sources */ = {isa = PBXBuildFile; fileRef = 818C1A051D18946000130F5B /* main.m */; };
		818C1A091D18946000130F5B /* BLCAppDelegate.m in Sources */ = {isa = PBXBuildFile; fileRef = 818C1A081D18946000130F5B /* BLCAppDelegate.m */; };
		818C1A0C1D18946000130F5B /* BLCSettingsViewController.m in Sources */ = {isa = PBXBuildFile; fileRef = 818C1A0B1D18946000130F5B /* BLCSettingsViewController.m */; };
		818C1A111D18946000130F5B /* Assets.xcassets in Resources */ = {isa = PBXBuildFile; fileRef = 818C1A101D18946000130F5B /* Assets.xcassets */; };
		818C1A141D18946100130F5B /* LaunchScreen.storyboard in Resources */ = {isa = PBXBuildFile; fileRef = 818C1A121D18946100130F5B /* LaunchScreen.storyboard */; };
		818C1A1F1D18946100130F5B /* BlocTalkTests.m in Sources */ = {isa = PBXBuildFile; fileRef = 818C1A1E1D18946100130F5B /* BlocTalkTests.m */; };
		819504A11D199E5D0031EFB9 /* Ok-icon.png in Resources */ = {isa = PBXBuildFile; fileRef = 819504A01D199E5D0031EFB9 /* Ok-icon.png */; };
		819504A31D19A4170031EFB9 /* edit-textbox.png in Resources */ = {isa = PBXBuildFile; fileRef = 819504A21D19A4170031EFB9 /* edit-textbox.png */; };
		81B024341D18CEDF00273D14 /* BLCProfilePictureImageView.m in Sources */ = {isa = PBXBuildFile; fileRef = 81B024331D18CEDF00273D14 /* BLCProfilePictureImageView.m */; };
		81B024381D18DA5B00273D14 /* profile-placeholder.jpg in Resources */ = {isa = PBXBuildFile; fileRef = 81B024371D18DA5B00273D14 /* profile-placeholder.jpg */; };
		81BF23F91D229AD00070C042 /* BLCMultiPeerConnector.m in Sources */ = {isa = PBXBuildFile; fileRef = 81BF23F81D229AD00070C042 /* BLCMultiPeerConnector.m */; };
		81C031371D3E39720056E609 /* chat.png in Resources */ = {isa = PBXBuildFile; fileRef = 81C031361D3E39720056E609 /* chat.png */; };
		81CFDD221D1FDCD7002CFD1D /* BLCDissmissSegue.m in Sources */ = {isa = PBXBuildFile; fileRef = 81CFDD211D1FDCD7002CFD1D /* BLCDissmissSegue.m */; };
		81D3404B1D3BDD0E00A2F3F7 /* HDNotificationView.m in Sources */ = {isa = PBXBuildFile; fileRef = 81D3404A1D3BDD0E00A2F3F7 /* HDNotificationView.m */; };
		81D3404D1D3BE20400A2F3F7 /* checked_icon2.png in Resources */ = {isa = PBXBuildFile; fileRef = 81D3404C1D3BE20400A2F3F7 /* checked_icon2.png */; };
		81DAAEDC1D2E9B2700C4CEBC /* MCSession+PeerDataManipulation.m in Sources */ = {isa = PBXBuildFile; fileRef = 81DAAEDB1D2E9B2700C4CEBC /* MCSession+PeerDataManipulation.m */; };
		81DFACFE1D3961AC00EA046E /* BLCNavBarConversationTitleView.m in Sources */ = {isa = PBXBuildFile; fileRef = 81DFACFD1D3961AC00EA046E /* BLCNavBarConversationTitleView.m */; };
		81DFAD011D39B06A00EA046E /* disconnected_icon.png in Resources */ = {isa = PBXBuildFile; fileRef = 81DFACFF1D39B06A00EA046E /* disconnected_icon.png */; };
		81DFAD021D39B06A00EA046E /* connected_icon.png in Resources */ = {isa = PBXBuildFile; fileRef = 81DFAD001D39B06A00EA046E /* connected_icon.png */; };
		81DFAD041D39B93F00EA046E /* disconnected-chains.png in Resources */ = {isa = PBXBuildFile; fileRef = 81DFAD031D39B93F00EA046E /* disconnected-chains.png */; };
		81DFAD061D39B94700EA046E /* link.png in Resources */ = {isa = PBXBuildFile; fileRef = 81DFAD051D39B94700EA046E /* link.png */; };
		9F8655FBE0D6B94E4A48B157 /* libPods-BlocTalkTests.a in Frameworks */ = {isa = PBXBuildFile; fileRef = 2F0FDDDCB56EB80186E77BEC /* libPods-BlocTalkTests.a */; };
		EB2D931AB8271C6E7A7B59B3 /* libPods-BlocTalk.a in Frameworks */ = {isa = PBXBuildFile; fileRef = E94CAA2E47273D2FE97E4835 /* libPods-BlocTalk.a */; };
/* End PBXBuildFile section */

/* Begin PBXContainerItemProxy section */
		818C1A1B1D18946100130F5B /* PBXContainerItemProxy */ = {
			isa = PBXContainerItemProxy;
			containerPortal = 818C19F91D18946000130F5B /* Project object */;
			proxyType = 1;
			remoteGlobalIDString = 818C1A001D18946000130F5B;
			remoteInfo = BlocTalk;
		};
/* End PBXContainerItemProxy section */

/* Begin PBXFileReference section */
		28919FAB3B5BACB55E819577 /* Pods-BlocTalkTests.release.xcconfig */ = {isa = PBXFileReference; includeInIndex = 1; lastKnownFileType = text.xcconfig; name = "Pods-BlocTalkTests.release.xcconfig"; path = "Pods/Target Support Files/Pods-BlocTalkTests/Pods-BlocTalkTests.release.xcconfig"; sourceTree = "<group>"; };
		2A74DF3D771D1BF95B5B9EF1 /* Pods-BlocTalk.debug.xcconfig */ = {isa = PBXFileReference; includeInIndex = 1; lastKnownFileType = text.xcconfig; name = "Pods-BlocTalk.debug.xcconfig"; path = "Pods/Target Support Files/Pods-BlocTalk/Pods-BlocTalk.debug.xcconfig"; sourceTree = "<group>"; };
		2F0FDDDCB56EB80186E77BEC /* libPods-BlocTalkTests.a */ = {isa = PBXFileReference; explicitFileType = archive.ar; includeInIndex = 0; path = "libPods-BlocTalkTests.a"; sourceTree = BUILT_PRODUCTS_DIR; };
		516A938A131C65C5482CCEC0 /* Pods-BlocTalk.release.xcconfig */ = {isa = PBXFileReference; includeInIndex = 1; lastKnownFileType = text.xcconfig; name = "Pods-BlocTalk.release.xcconfig"; path = "Pods/Target Support Files/Pods-BlocTalk/Pods-BlocTalk.release.xcconfig"; sourceTree = "<group>"; };
		6F5F2EBBDE283A13518A02D9 /* Pods-BlocTalkTests.debug.xcconfig */ = {isa = PBXFileReference; includeInIndex = 1; lastKnownFileType = text.xcconfig; name = "Pods-BlocTalkTests.debug.xcconfig"; path = "Pods/Target Support Files/Pods-BlocTalkTests/Pods-BlocTalkTests.debug.xcconfig"; sourceTree = "<group>"; };
		8104B6B51D27D26D00471675 /* BLCRemoveMiddleVCSegue.h */ = {isa = PBXFileReference; fileEncoding = 4; lastKnownFileType = sourcecode.c.h; path = BLCRemoveMiddleVCSegue.h; sourceTree = "<group>"; };
		8104B6B61D27D26D00471675 /* BLCRemoveMiddleVCSegue.m */ = {isa = PBXFileReference; fileEncoding = 4; lastKnownFileType = sourcecode.c.objc; path = BLCRemoveMiddleVCSegue.m; sourceTree = "<group>"; };
		810B25011D189FB600167D97 /* BLCConversationListViewController.h */ = {isa = PBXFileReference; fileEncoding = 4; lastKnownFileType = sourcecode.c.h; path = BLCConversationListViewController.h; sourceTree = "<group>"; };
		810B25021D189FB600167D97 /* BLCConversationListViewController.m */ = {isa = PBXFileReference; fileEncoding = 4; lastKnownFileType = sourcecode.c.objc; path = BLCConversationListViewController.m; sourceTree = "<group>"; };
		810B25091D18B2B800167D97 /* UIImage+UIImageExtensions.h */ = {isa = PBXFileReference; fileEncoding = 4; lastKnownFileType = sourcecode.c.h; path = "UIImage+UIImageExtensions.h"; sourceTree = "<group>"; };
		810B250A1D18B2B800167D97 /* UIImage+UIImageExtensions.m */ = {isa = PBXFileReference; fileEncoding = 4; lastKnownFileType = sourcecode.c.objc; path = "UIImage+UIImageExtensions.m"; sourceTree = "<group>"; };
		810C76F01D48C86B00469A4C /* BLCBaseConversationCell.h */ = {isa = PBXFileReference; fileEncoding = 4; lastKnownFileType = sourcecode.c.h; path = BLCBaseConversationCell.h; sourceTree = "<group>"; };
		810C76F11D48C86B00469A4C /* BLCBaseConversationCell.m */ = {isa = PBXFileReference; fileEncoding = 4; lastKnownFileType = sourcecode.c.objc; path = BLCBaseConversationCell.m; sourceTree = "<group>"; };
		810C76F41D48CEFA00469A4C /* BLCNewConversationCell.h */ = {isa = PBXFileReference; fileEncoding = 4; lastKnownFileType = sourcecode.c.h; path = BLCNewConversationCell.h; sourceTree = "<group>"; };
		810C76F51D48CEFA00469A4C /* BLCNewConversationCell.m */ = {isa = PBXFileReference; fileEncoding = 4; lastKnownFileType = sourcecode.c.objc; path = BLCNewConversationCell.m; sourceTree = "<group>"; };
		810C76F71D48D35300469A4C /* BLCBaseConversationCellPrivateProperties.h */ = {isa = PBXFileReference; fileEncoding = 4; lastKnownFileType = sourcecode.c.h; path = BLCBaseConversationCellPrivateProperties.h; sourceTree = "<group>"; };
		810C76FC1D4930CF00469A4C /* BLCArchivedConversationListViewController.h */ = {isa = PBXFileReference; fileEncoding = 4; lastKnownFileType = sourcecode.c.h; path = BLCArchivedConversationListViewController.h; sourceTree = "<group>"; };
		810C76FD1D4930CF00469A4C /* BLCArchivedConversationListViewController.m */ = {isa = PBXFileReference; fileEncoding = 4; lastKnownFileType = sourcecode.c.objc; path = BLCArchivedConversationListViewController.m; sourceTree = "<group>"; };
		811667191D36519A00B27A95 /* BLCJSQMessageWrapper.h */ = {isa = PBXFileReference; fileEncoding = 4; lastKnownFileType = sourcecode.c.h; path = BLCJSQMessageWrapper.h; sourceTree = "<group>"; };
		8116671A1D36519A00B27A95 /* BLCJSQMessageWrapper.m */ = {isa = PBXFileReference; fileEncoding = 4; lastKnownFileType = sourcecode.c.objc; path = BLCJSQMessageWrapper.m; sourceTree = "<group>"; };
		8116671C1D365DE200B27A95 /* BLCPersistanceObject.h */ = {isa = PBXFileReference; fileEncoding = 4; lastKnownFileType = sourcecode.c.h; path = BLCPersistanceObject.h; sourceTree = "<group>"; };
		8116671D1D365DE200B27A95 /* BLCPersistanceObject.m */ = {isa = PBXFileReference; fileEncoding = 4; lastKnownFileType = sourcecode.c.objc; path = BLCPersistanceObject.m; sourceTree = "<group>"; };
		814275CD1D1AA76E00F95162 /* Main.storyboard */ = {isa = PBXFileReference; fileEncoding = 4; lastKnownFileType = file.storyboard; path = Main.storyboard; sourceTree = "<group>"; };
		814275CF1D1AAC7400F95162 /* messages-icon.png */ = {isa = PBXFileReference; lastKnownFileType = image.png; path = "messages-icon.png"; sourceTree = "<group>"; };
		814275D11D1AACD400F95162 /* profile-icon.png */ = {isa = PBXFileReference; lastKnownFileType = image.png; path = "profile-icon.png"; sourceTree = "<group>"; };
		814275D61D1AD04000F95162 /* Cancel-100.png */ = {isa = PBXFileReference; lastKnownFileType = image.png; path = "Cancel-100.png"; sourceTree = "<group>"; };
		814275D81D1AD04000F95162 /* Switch Camera-104.png */ = {isa = PBXFileReference; lastKnownFileType = image.png; path = "Switch Camera-104.png"; sourceTree = "<group>"; };
		814275DC1D1AEE3100F95162 /* take-photo.png */ = {isa = PBXFileReference; lastKnownFileType = image.png; path = "take-photo.png"; sourceTree = "<group>"; };
		814275DE1D1AF48F00F95162 /* Landscape-Placeholder.png */ = {isa = PBXFileReference; lastKnownFileType = image.png; path = "Landscape-Placeholder.png"; sourceTree = "<group>"; };
		814398201D288766007FC02A /* UIColor+JSQMessages.h */ = {isa = PBXFileReference; fileEncoding = 4; lastKnownFileType = sourcecode.c.h; path = "UIColor+JSQMessages.h"; sourceTree = "<group>"; };
		814398211D288766007FC02A /* UIColor+JSQMessages.m */ = {isa = PBXFileReference; fileEncoding = 4; lastKnownFileType = sourcecode.c.objc; path = "UIColor+JSQMessages.m"; sourceTree = "<group>"; };
		816345B11D26BF01004FFFA1 /* BLCConversation.h */ = {isa = PBXFileReference; fileEncoding = 4; lastKnownFileType = sourcecode.c.h; path = BLCConversation.h; sourceTree = "<group>"; };
		816345B21D26BF01004FFFA1 /* BLCConversation.m */ = {isa = PBXFileReference; fileEncoding = 4; lastKnownFileType = sourcecode.c.objc; path = BLCConversation.m; sourceTree = "<group>"; };
		816345B41D26BFA2004FFFA1 /* BLCUser.h */ = {isa = PBXFileReference; fileEncoding = 4; lastKnownFileType = sourcecode.c.h; path = BLCUser.h; sourceTree = "<group>"; };
		816345B51D26BFA2004FFFA1 /* BLCUser.m */ = {isa = PBXFileReference; fileEncoding = 4; lastKnownFileType = sourcecode.c.objc; path = BLCUser.m; sourceTree = "<group>"; };
		816345B71D26C49D004FFFA1 /* BLCConversationViewController.h */ = {isa = PBXFileReference; fileEncoding = 4; lastKnownFileType = sourcecode.c.h; path = BLCConversationViewController.h; sourceTree = "<group>"; };
		816345B81D26C49D004FFFA1 /* BLCConversationViewController.m */ = {isa = PBXFileReference; fileEncoding = 4; lastKnownFileType = sourcecode.c.objc; path = BLCConversationViewController.m; sourceTree = "<group>"; };
		816345BA1D26FA9F004FFFA1 /* BLCDataSource.h */ = {isa = PBXFileReference; fileEncoding = 4; lastKnownFileType = sourcecode.c.h; path = BLCDataSource.h; sourceTree = "<group>"; };
		816345BB1D26FA9F004FFFA1 /* BLCDataSource.m */ = {isa = PBXFileReference; fileEncoding = 4; lastKnownFileType = sourcecode.c.objc; path = BLCDataSource.m; sourceTree = "<group>"; };
		816345BD1D270657004FFFA1 /* BLCAvailableContactsSelecterTableViewController.h */ = {isa = PBXFileReference; fileEncoding = 4; lastKnownFileType = sourcecode.c.h; path = BLCAvailableContactsSelecterTableViewController.h; sourceTree = "<group>"; };
		816345BE1D270657004FFFA1 /* BLCAvailableContactsSelecterTableViewController.m */ = {isa = PBXFileReference; fileEncoding = 4; lastKnownFileType = sourcecode.c.objc; path = BLCAvailableContactsSelecterTableViewController.m; sourceTree = "<group>"; };
		8171213E1D33D72300FB6717 /* BLCTextMessage.h */ = {isa = PBXFileReference; fileEncoding = 4; lastKnownFileType = sourcecode.c.h; path = BLCTextMessage.h; sourceTree = "<group>"; };
		8171213F1D33D72300FB6717 /* BLCTextMessage.m */ = {isa = PBXFileReference; fileEncoding = 4; lastKnownFileType = sourcecode.c.objc; path = BLCTextMessage.m; sourceTree = "<group>"; };
		817121411D350A6B00FB6717 /* BLCMCBrowserViewController.h */ = {isa = PBXFileReference; fileEncoding = 4; lastKnownFileType = sourcecode.c.h; path = BLCMCBrowserViewController.h; sourceTree = "<group>"; };
		817121421D350A6B00FB6717 /* BLCMCBrowserViewController.m */ = {isa = PBXFileReference; fileEncoding = 4; lastKnownFileType = sourcecode.c.objc; path = BLCMCBrowserViewController.m; sourceTree = "<group>"; };
		817121451D35209200FB6717 /* BLCMultiPeerManager.h */ = {isa = PBXFileReference; fileEncoding = 4; lastKnownFileType = sourcecode.c.h; path = BLCMultiPeerManager.h; sourceTree = "<group>"; };
		817121461D35209200FB6717 /* BLCMultiPeerManager.m */ = {isa = PBXFileReference; fileEncoding = 4; lastKnownFileType = sourcecode.c.objc; path = BLCMultiPeerManager.m; sourceTree = "<group>"; };
		817121481D35668B00FB6717 /* BLCConnectorCell.h */ = {isa = PBXFileReference; fileEncoding = 4; lastKnownFileType = sourcecode.c.h; path = BLCConnectorCell.h; sourceTree = "<group>"; };
		817121491D35668B00FB6717 /* BLCConnectorCell.m */ = {isa = PBXFileReference; fileEncoding = 4; lastKnownFileType = sourcecode.c.objc; path = BLCConnectorCell.m; sourceTree = "<group>"; };
		81780F111D25B42F009DB3E2 /* BLCConversationCell.h */ = {isa = PBXFileReference; fileEncoding = 4; lastKnownFileType = sourcecode.c.h; path = BLCConversationCell.h; sourceTree = "<group>"; };
		81780F121D25B42F009DB3E2 /* BLCConversationCell.m */ = {isa = PBXFileReference; fileEncoding = 4; lastKnownFileType = sourcecode.c.objc; path = BLCConversationCell.m; sourceTree = "<group>"; };
		8180DC491D464C7500D06277 /* BLCButtonSwipeView.h */ = {isa = PBXFileReference; fileEncoding = 4; lastKnownFileType = sourcecode.c.h; path = BLCButtonSwipeView.h; sourceTree = "<group>"; };
		8180DC4A1D464C7500D06277 /* BLCButtonSwipeView.m */ = {isa = PBXFileReference; fileEncoding = 4; lastKnownFileType = sourcecode.c.objc; path = BLCButtonSwipeView.m; sourceTree = "<group>"; };
		8180DC4C1D466E5500D06277 /* archive.png */ = {isa = PBXFileReference; lastKnownFileType = image.png; path = archive.png; sourceTree = "<group>"; };
		818C1A011D18946000130F5B /* BlocTalk.app */ = {isa = PBXFileReference; explicitFileType = wrapper.application; includeInIndex = 0; path = BlocTalk.app; sourceTree = BUILT_PRODUCTS_DIR; };
		818C1A051D18946000130F5B /* main.m */ = {isa = PBXFileReference; lastKnownFileType = sourcecode.c.objc; path = main.m; sourceTree = "<group>"; };
		818C1A071D18946000130F5B /* BLCAppDelegate.h */ = {isa = PBXFileReference; lastKnownFileType = sourcecode.c.h; path = BLCAppDelegate.h; sourceTree = "<group>"; };
		818C1A081D18946000130F5B /* BLCAppDelegate.m */ = {isa = PBXFileReference; lastKnownFileType = sourcecode.c.objc; path = BLCAppDelegate.m; sourceTree = "<group>"; };
		818C1A0A1D18946000130F5B /* BLCSettingsViewController.h */ = {isa = PBXFileReference; lastKnownFileType = sourcecode.c.h; path = BLCSettingsViewController.h; sourceTree = "<group>"; };
		818C1A0B1D18946000130F5B /* BLCSettingsViewController.m */ = {isa = PBXFileReference; lastKnownFileType = sourcecode.c.objc; path = BLCSettingsViewController.m; sourceTree = "<group>"; };
		818C1A101D18946000130F5B /* Assets.xcassets */ = {isa = PBXFileReference; lastKnownFileType = folder.assetcatalog; path = Assets.xcassets; sourceTree = "<group>"; };
		818C1A131D18946100130F5B /* Base */ = {isa = PBXFileReference; lastKnownFileType = file.storyboard; name = Base; path = Base.lproj/LaunchScreen.storyboard; sourceTree = "<group>"; };
		818C1A151D18946100130F5B /* Info.plist */ = {isa = PBXFileReference; lastKnownFileType = text.plist.xml; path = Info.plist; sourceTree = "<group>"; };
		818C1A1A1D18946100130F5B /* BlocTalkTests.xctest */ = {isa = PBXFileReference; explicitFileType = wrapper.cfbundle; includeInIndex = 0; path = BlocTalkTests.xctest; sourceTree = BUILT_PRODUCTS_DIR; };
		818C1A1E1D18946100130F5B /* BlocTalkTests.m */ = {isa = PBXFileReference; lastKnownFileType = sourcecode.c.objc; path = BlocTalkTests.m; sourceTree = "<group>"; };
		818C1A201D18946100130F5B /* Info.plist */ = {isa = PBXFileReference; lastKnownFileType = text.plist.xml; path = Info.plist; sourceTree = "<group>"; };
		819504A01D199E5D0031EFB9 /* Ok-icon.png */ = {isa = PBXFileReference; lastKnownFileType = image.png; path = "Ok-icon.png"; sourceTree = "<group>"; };
		819504A21D19A4170031EFB9 /* edit-textbox.png */ = {isa = PBXFileReference; lastKnownFileType = image.png; path = "edit-textbox.png"; sourceTree = "<group>"; };
		81B024321D18CEDF00273D14 /* BLCProfilePictureImageView.h */ = {isa = PBXFileReference; fileEncoding = 4; lastKnownFileType = sourcecode.c.h; path = BLCProfilePictureImageView.h; sourceTree = "<group>"; };
		81B024331D18CEDF00273D14 /* BLCProfilePictureImageView.m */ = {isa = PBXFileReference; fileEncoding = 4; lastKnownFileType = sourcecode.c.objc; path = BLCProfilePictureImageView.m; sourceTree = "<group>"; };
		81B024371D18DA5B00273D14 /* profile-placeholder.jpg */ = {isa = PBXFileReference; lastKnownFileType = image.jpeg; path = "profile-placeholder.jpg"; sourceTree = "<group>"; };
		81BF23F71D229AD00070C042 /* BLCMultiPeerConnector.h */ = {isa = PBXFileReference; fileEncoding = 4; lastKnownFileType = sourcecode.c.h; path = BLCMultiPeerConnector.h; sourceTree = "<group>"; };
		81BF23F81D229AD00070C042 /* BLCMultiPeerConnector.m */ = {isa = PBXFileReference; fileEncoding = 4; lastKnownFileType = sourcecode.c.objc; path = BLCMultiPeerConnector.m; sourceTree = "<group>"; };
		81C031361D3E39720056E609 /* chat.png */ = {isa = PBXFileReference; lastKnownFileType = image.png; path = chat.png; sourceTree = "<group>"; };
		81CFDD201D1FDCD7002CFD1D /* BLCDissmissSegue.h */ = {isa = PBXFileReference; fileEncoding = 4; lastKnownFileType = sourcecode.c.h; path = BLCDissmissSegue.h; sourceTree = "<group>"; };
		81CFDD211D1FDCD7002CFD1D /* BLCDissmissSegue.m */ = {isa = PBXFileReference; fileEncoding = 4; lastKnownFileType = sourcecode.c.objc; path = BLCDissmissSegue.m; sourceTree = "<group>"; };
		81D340491D3BDD0E00A2F3F7 /* HDNotificationView.h */ = {isa = PBXFileReference; fileEncoding = 4; lastKnownFileType = sourcecode.c.h; path = HDNotificationView.h; sourceTree = "<group>"; };
		81D3404A1D3BDD0E00A2F3F7 /* HDNotificationView.m */ = {isa = PBXFileReference; fileEncoding = 4; lastKnownFileType = sourcecode.c.objc; path = HDNotificationView.m; sourceTree = "<group>"; };
		81D3404C1D3BE20400A2F3F7 /* checked_icon2.png */ = {isa = PBXFileReference; lastKnownFileType = image.png; path = checked_icon2.png; sourceTree = "<group>"; };
		81DAAEDA1D2E9B2700C4CEBC /* MCSession+PeerDataManipulation.h */ = {isa = PBXFileReference; fileEncoding = 4; lastKnownFileType = sourcecode.c.h; path = "MCSession+PeerDataManipulation.h"; sourceTree = "<group>"; };
		81DAAEDB1D2E9B2700C4CEBC /* MCSession+PeerDataManipulation.m */ = {isa = PBXFileReference; fileEncoding = 4; lastKnownFileType = sourcecode.c.objc; path = "MCSession+PeerDataManipulation.m"; sourceTree = "<group>"; };
		81DFACFC1D3961AC00EA046E /* BLCNavBarConversationTitleView.h */ = {isa = PBXFileReference; fileEncoding = 4; lastKnownFileType = sourcecode.c.h; path = BLCNavBarConversationTitleView.h; sourceTree = "<group>"; };
		81DFACFD1D3961AC00EA046E /* BLCNavBarConversationTitleView.m */ = {isa = PBXFileReference; fileEncoding = 4; lastKnownFileType = sourcecode.c.objc; path = BLCNavBarConversationTitleView.m; sourceTree = "<group>"; };
		81DFACFF1D39B06A00EA046E /* disconnected_icon.png */ = {isa = PBXFileReference; lastKnownFileType = image.png; path = disconnected_icon.png; sourceTree = "<group>"; };
		81DFAD001D39B06A00EA046E /* connected_icon.png */ = {isa = PBXFileReference; lastKnownFileType = image.png; path = connected_icon.png; sourceTree = "<group>"; };
		81DFAD031D39B93F00EA046E /* disconnected-chains.png */ = {isa = PBXFileReference; lastKnownFileType = image.png; path = "disconnected-chains.png"; sourceTree = "<group>"; };
		81DFAD051D39B94700EA046E /* link.png */ = {isa = PBXFileReference; lastKnownFileType = image.png; path = link.png; sourceTree = "<group>"; };
		E94CAA2E47273D2FE97E4835 /* libPods-BlocTalk.a */ = {isa = PBXFileReference; explicitFileType = archive.ar; includeInIndex = 0; path = "libPods-BlocTalk.a"; sourceTree = BUILT_PRODUCTS_DIR; };
/* End PBXFileReference section */

/* Begin PBXFrameworksBuildPhase section */
		818C19FE1D18946000130F5B /* Frameworks */ = {
			isa = PBXFrameworksBuildPhase;
			buildActionMask = 2147483647;
			files = (
				EB2D931AB8271C6E7A7B59B3 /* libPods-BlocTalk.a in Frameworks */,
			);
			runOnlyForDeploymentPostprocessing = 0;
		};
		818C1A171D18946100130F5B /* Frameworks */ = {
			isa = PBXFrameworksBuildPhase;
			buildActionMask = 2147483647;
			files = (
				9F8655FBE0D6B94E4A48B157 /* libPods-BlocTalkTests.a in Frameworks */,
			);
			runOnlyForDeploymentPostprocessing = 0;
		};
/* End PBXFrameworksBuildPhase section */

/* Begin PBXGroup section */
		1104D0295E906B014F60D68A /* Frameworks */ = {
			isa = PBXGroup;
			children = (
				E94CAA2E47273D2FE97E4835 /* libPods-BlocTalk.a */,
				2F0FDDDCB56EB80186E77BEC /* libPods-BlocTalkTests.a */,
			);
			name = Frameworks;
			sourceTree = "<group>";
		};
		810B25041D189FD400167D97 /* Data */ = {
			isa = PBXGroup;
			children = (
				81BF23F71D229AD00070C042 /* BLCMultiPeerConnector.h */,
				81BF23F81D229AD00070C042 /* BLCMultiPeerConnector.m */,
				816345BA1D26FA9F004FFFA1 /* BLCDataSource.h */,
				816345BB1D26FA9F004FFFA1 /* BLCDataSource.m */,
				817121451D35209200FB6717 /* BLCMultiPeerManager.h */,
				817121461D35209200FB6717 /* BLCMultiPeerManager.m */,
			);
			name = Data;
			sourceTree = "<group>";
		};
		810B25051D18ACE400167D97 /* Images */ = {
			isa = PBXGroup;
			children = (
				814275DE1D1AF48F00F95162 /* Landscape-Placeholder.png */,
				814275DC1D1AEE3100F95162 /* take-photo.png */,
				814275D61D1AD04000F95162 /* Cancel-100.png */,
				81DFAD031D39B93F00EA046E /* disconnected-chains.png */,
				81DFAD051D39B94700EA046E /* link.png */,
				81C031361D3E39720056E609 /* chat.png */,
				8180DC4C1D466E5500D06277 /* archive.png */,
				81DFACFF1D39B06A00EA046E /* disconnected_icon.png */,
				81DFAD001D39B06A00EA046E /* connected_icon.png */,
				814275D81D1AD04000F95162 /* Switch Camera-104.png */,
				814275D11D1AACD400F95162 /* profile-icon.png */,
				81D3404C1D3BE20400A2F3F7 /* checked_icon2.png */,
				814275CF1D1AAC7400F95162 /* messages-icon.png */,
				819504A21D19A4170031EFB9 /* edit-textbox.png */,
				819504A01D199E5D0031EFB9 /* Ok-icon.png */,
				81B024371D18DA5B00273D14 /* profile-placeholder.jpg */,
			);
			name = Images;
			sourceTree = "<group>";
		};
		810B25081D18B26C00167D97 /* Categories */ = {
			isa = PBXGroup;
			children = (
				810B25091D18B2B800167D97 /* UIImage+UIImageExtensions.h */,
				810B250A1D18B2B800167D97 /* UIImage+UIImageExtensions.m */,
				814398201D288766007FC02A /* UIColor+JSQMessages.h */,
				814398211D288766007FC02A /* UIColor+JSQMessages.m */,
				81DAAEDA1D2E9B2700C4CEBC /* MCSession+PeerDataManipulation.h */,
				81DAAEDB1D2E9B2700C4CEBC /* MCSession+PeerDataManipulation.m */,
			);
			name = Categories;
			sourceTree = "<group>";
		};
		810C76F31D48C9B300469A4C /* UITableView */ = {
			isa = PBXGroup;
			children = (
				81780F111D25B42F009DB3E2 /* BLCConversationCell.h */,
				81780F121D25B42F009DB3E2 /* BLCConversationCell.m */,
				817121481D35668B00FB6717 /* BLCConnectorCell.h */,
				817121491D35668B00FB6717 /* BLCConnectorCell.m */,
				8180DC491D464C7500D06277 /* BLCButtonSwipeView.h */,
				8180DC4A1D464C7500D06277 /* BLCButtonSwipeView.m */,
				810C76F01D48C86B00469A4C /* BLCBaseConversationCell.h */,
				810C76F11D48C86B00469A4C /* BLCBaseConversationCell.m */,
				810C76F41D48CEFA00469A4C /* BLCNewConversationCell.h */,
				810C76F51D48CEFA00469A4C /* BLCNewConversationCell.m */,
			);
			name = UITableView;
			sourceTree = "<group>";
		};
		810C76F81D492EEA00469A4C /* Archives */ = {
			isa = PBXGroup;
			children = (
				810C76FC1D4930CF00469A4C /* BLCArchivedConversationListViewController.h */,
				810C76FD1D4930CF00469A4C /* BLCArchivedConversationListViewController.m */,
			);
			name = Archives;
			sourceTree = "<group>";
		};
		811C0C0A1D1895B500B969F9 /* App Delegate */ = {
			isa = PBXGroup;
			children = (
				818C1A071D18946000130F5B /* BLCAppDelegate.h */,
				818C1A081D18946000130F5B /* BLCAppDelegate.m */,
			);
			name = "App Delegate";
			sourceTree = "<group>";
		};
		811C0C0B1D1895C700B969F9 /* View Controllers */ = {
			isa = PBXGroup;
			children = (
				810C76F81D492EEA00469A4C /* Archives */,
				817121441D350A7A00FB6717 /* MultiPeer */,
				81780F101D259517009DB3E2 /* Messaging */,
				81780F0F1D25950D009DB3E2 /* Settings */,
			);
			name = "View Controllers";
			sourceTree = "<group>";
		};
		811C0C0C1D1895D900B969F9 /* Custom UI (Views) */ = {
			isa = PBXGroup;
			children = (
				810C76F31D48C9B300469A4C /* UITableView */,
				81B024321D18CEDF00273D14 /* BLCProfilePictureImageView.h */,
				81B024331D18CEDF00273D14 /* BLCProfilePictureImageView.m */,
				81DFACFC1D3961AC00EA046E /* BLCNavBarConversationTitleView.h */,
				81DFACFD1D3961AC00EA046E /* BLCNavBarConversationTitleView.m */,
				81D340491D3BDD0E00A2F3F7 /* HDNotificationView.h */,
				81D3404A1D3BDD0E00A2F3F7 /* HDNotificationView.m */,
			);
			name = "Custom UI (Views)";
			sourceTree = "<group>";
		};
		811C0C0D1D1895EB00B969F9 /* Utility */ = {
			isa = PBXGroup;
			children = (
				8116671C1D365DE200B27A95 /* BLCPersistanceObject.h */,
				8116671D1D365DE200B27A95 /* BLCPersistanceObject.m */,
			);
			name = Utility;
			sourceTree = "<group>";
		};
		811C0C0E1D18962900B969F9 /* StoryBoards & Xibs */ = {
			isa = PBXGroup;
			children = (
				818C1A121D18946100130F5B /* LaunchScreen.storyboard */,
				814275CD1D1AA76E00F95162 /* Main.storyboard */,
				81CFDD201D1FDCD7002CFD1D /* BLCDissmissSegue.h */,
				81CFDD211D1FDCD7002CFD1D /* BLCDissmissSegue.m */,
				8104B6B51D27D26D00471675 /* BLCRemoveMiddleVCSegue.h */,
				8104B6B61D27D26D00471675 /* BLCRemoveMiddleVCSegue.m */,
			);
			name = "StoryBoards & Xibs";
			sourceTree = "<group>";
		};
		816345B01D26BEA8004FFFA1 /* Model */ = {
			isa = PBXGroup;
			children = (
				816345B11D26BF01004FFFA1 /* BLCConversation.h */,
				816345B21D26BF01004FFFA1 /* BLCConversation.m */,
				816345B41D26BFA2004FFFA1 /* BLCUser.h */,
				816345B51D26BFA2004FFFA1 /* BLCUser.m */,
				8171213E1D33D72300FB6717 /* BLCTextMessage.h */,
				8171213F1D33D72300FB6717 /* BLCTextMessage.m */,
				811667191D36519A00B27A95 /* BLCJSQMessageWrapper.h */,
				8116671A1D36519A00B27A95 /* BLCJSQMessageWrapper.m */,
			);
			name = Model;
			sourceTree = "<group>";
		};
		817121441D350A7A00FB6717 /* MultiPeer */ = {
			isa = PBXGroup;
			children = (
				817121411D350A6B00FB6717 /* BLCMCBrowserViewController.h */,
				817121421D350A6B00FB6717 /* BLCMCBrowserViewController.m */,
			);
			name = MultiPeer;
			sourceTree = "<group>";
		};
		81780F0F1D25950D009DB3E2 /* Settings */ = {
			isa = PBXGroup;
			children = (
				818C1A0A1D18946000130F5B /* BLCSettingsViewController.h */,
				818C1A0B1D18946000130F5B /* BLCSettingsViewController.m */,
			);
			name = Settings;
			sourceTree = "<group>";
		};
		81780F101D259517009DB3E2 /* Messaging */ = {
			isa = PBXGroup;
			children = (
				810B25011D189FB600167D97 /* BLCConversationListViewController.h */,
				810B25021D189FB600167D97 /* BLCConversationListViewController.m */,
				816345B71D26C49D004FFFA1 /* BLCConversationViewController.h */,
				816345B81D26C49D004FFFA1 /* BLCConversationViewController.m */,
				816345BD1D270657004FFFA1 /* BLCAvailableContactsSelecterTableViewController.h */,
				816345BE1D270657004FFFA1 /* BLCAvailableContactsSelecterTableViewController.m */,
			);
			name = Messaging;
			sourceTree = "<group>";
		};
		818C19F81D18946000130F5B = {
			isa = PBXGroup;
			children = (
				818C1A031D18946000130F5B /* BlocTalk */,
				818C1A1D1D18946100130F5B /* BlocTalkTests */,
				818C1A021D18946000130F5B /* Products */,
				FAEA2B322ACA8F88CA382BEA /* Pods */,
				1104D0295E906B014F60D68A /* Frameworks */,
			);
			sourceTree = "<group>";
		};
		818C1A021D18946000130F5B /* Products */ = {
			isa = PBXGroup;
			children = (
				818C1A011D18946000130F5B /* BlocTalk.app */,
				818C1A1A1D18946100130F5B /* BlocTalkTests.xctest */,
			);
			name = Products;
			sourceTree = "<group>";
		};
		818C1A031D18946000130F5B /* BlocTalk */ = {
			isa = PBXGroup;
			children = (
				816345B01D26BEA8004FFFA1 /* Model */,
				810B25081D18B26C00167D97 /* Categories */,
				810B25051D18ACE400167D97 /* Images */,
				810B25041D189FD400167D97 /* Data */,
				811C0C0E1D18962900B969F9 /* StoryBoards & Xibs */,
				811C0C0D1D1895EB00B969F9 /* Utility */,
				811C0C0C1D1895D900B969F9 /* Custom UI (Views) */,
				811C0C0B1D1895C700B969F9 /* View Controllers */,
				811C0C0A1D1895B500B969F9 /* App Delegate */,
				818C1A101D18946000130F5B /* Assets.xcassets */,
				818C1A041D18946000130F5B /* Supporting Files */,
			);
			path = BlocTalk;
			sourceTree = "<group>";
		};
		818C1A041D18946000130F5B /* Supporting Files */ = {
			isa = PBXGroup;
			children = (
				818C1A151D18946100130F5B /* Info.plist */,
				818C1A051D18946000130F5B /* main.m */,
				810C76F71D48D35300469A4C /* BLCBaseConversationCellPrivateProperties.h */,
			);
			name = "Supporting Files";
			sourceTree = "<group>";
		};
		818C1A1D1D18946100130F5B /* BlocTalkTests */ = {
			isa = PBXGroup;
			children = (
				818C1A1E1D18946100130F5B /* BlocTalkTests.m */,
				818C1A201D18946100130F5B /* Info.plist */,
			);
			path = BlocTalkTests;
			sourceTree = "<group>";
		};
		FAEA2B322ACA8F88CA382BEA /* Pods */ = {
			isa = PBXGroup;
			children = (
				2A74DF3D771D1BF95B5B9EF1 /* Pods-BlocTalk.debug.xcconfig */,
				516A938A131C65C5482CCEC0 /* Pods-BlocTalk.release.xcconfig */,
				6F5F2EBBDE283A13518A02D9 /* Pods-BlocTalkTests.debug.xcconfig */,
				28919FAB3B5BACB55E819577 /* Pods-BlocTalkTests.release.xcconfig */,
			);
			name = Pods;
			sourceTree = "<group>";
		};
/* End PBXGroup section */

/* Begin PBXNativeTarget section */
		818C1A001D18946000130F5B /* BlocTalk */ = {
			isa = PBXNativeTarget;
			buildConfigurationList = 818C1A231D18946100130F5B /* Build configuration list for PBXNativeTarget "BlocTalk" */;
			buildPhases = (
				884CE798DF30BD8A3047BCF5 /* 📦 Check Pods Manifest.lock */,
				818C19FD1D18946000130F5B /* Sources */,
				818C19FE1D18946000130F5B /* Frameworks */,
				818C19FF1D18946000130F5B /* Resources */,
				116EEC1FB1162648E9118F32 /* 📦 Embed Pods Frameworks */,
				FE7A910F6C9BF222DD392EEF /* 📦 Copy Pods Resources */,
			);
			buildRules = (
			);
			dependencies = (
			);
			name = BlocTalk;
			productName = BlocTalk;
			productReference = 818C1A011D18946000130F5B /* BlocTalk.app */;
			productType = "com.apple.product-type.application";
		};
		818C1A191D18946100130F5B /* BlocTalkTests */ = {
			isa = PBXNativeTarget;
			buildConfigurationList = 818C1A261D18946100130F5B /* Build configuration list for PBXNativeTarget "BlocTalkTests" */;
			buildPhases = (
				BCEC69053C2B0706A5F93A2A /* 📦 Check Pods Manifest.lock */,
				818C1A161D18946100130F5B /* Sources */,
				818C1A171D18946100130F5B /* Frameworks */,
				818C1A181D18946100130F5B /* Resources */,
				9EE5CC11F5CA4690470DDFFE /* 📦 Embed Pods Frameworks */,
				56EBB3BB9B79B859AE130337 /* 📦 Copy Pods Resources */,
			);
			buildRules = (
			);
			dependencies = (
				818C1A1C1D18946100130F5B /* PBXTargetDependency */,
			);
			name = BlocTalkTests;
			productName = BlocTalkTests;
			productReference = 818C1A1A1D18946100130F5B /* BlocTalkTests.xctest */;
			productType = "com.apple.product-type.bundle.unit-test";
		};
/* End PBXNativeTarget section */

/* Begin PBXProject section */
		818C19F91D18946000130F5B /* Project object */ = {
			isa = PBXProject;
			attributes = {
				LastUpgradeCheck = 0730;
				ORGANIZATIONNAME = Bloc;
				TargetAttributes = {
					818C1A001D18946000130F5B = {
						CreatedOnToolsVersion = 7.3;
						DevelopmentTeam = C84Y8645XV;
						SystemCapabilities = {
							com.apple.BackgroundModes = {
								enabled = 1;
							};
						};
					};
					818C1A191D18946100130F5B = {
						CreatedOnToolsVersion = 7.3;
						TestTargetID = 818C1A001D18946000130F5B;
					};
				};
			};
			buildConfigurationList = 818C19FC1D18946000130F5B /* Build configuration list for PBXProject "BlocTalk" */;
			compatibilityVersion = "Xcode 3.2";
			developmentRegion = English;
			hasScannedForEncodings = 0;
			knownRegions = (
				en,
				Base,
			);
			mainGroup = 818C19F81D18946000130F5B;
			productRefGroup = 818C1A021D18946000130F5B /* Products */;
			projectDirPath = "";
			projectRoot = "";
			targets = (
				818C1A001D18946000130F5B /* BlocTalk */,
				818C1A191D18946100130F5B /* BlocTalkTests */,
			);
		};
/* End PBXProject section */

/* Begin PBXResourcesBuildPhase section */
		818C19FF1D18946000130F5B /* Resources */ = {
			isa = PBXResourcesBuildPhase;
			buildActionMask = 2147483647;
			files = (
				81D3404D1D3BE20400A2F3F7 /* checked_icon2.png in Resources */,
				819504A31D19A4170031EFB9 /* edit-textbox.png in Resources */,
				814275D91D1AD04000F95162 /* Cancel-100.png in Resources */,
				818C1A141D18946100130F5B /* LaunchScreen.storyboard in Resources */,
				814275DF1D1AF48F00F95162 /* Landscape-Placeholder.png in Resources */,
				81DFAD021D39B06A00EA046E /* connected_icon.png in Resources */,
				814275D21D1AACD400F95162 /* profile-icon.png in Resources */,
				81B024381D18DA5B00273D14 /* profile-placeholder.jpg in Resources */,
				814275DD1D1AEE3100F95162 /* take-photo.png in Resources */,
				814275CE1D1AA76E00F95162 /* Main.storyboard in Resources */,
				81DFAD061D39B94700EA046E /* link.png in Resources */,
				81C031371D3E39720056E609 /* chat.png in Resources */,
				819504A11D199E5D0031EFB9 /* Ok-icon.png in Resources */,
				814275DB1D1AD04000F95162 /* Switch Camera-104.png in Resources */,
				814275D01D1AAC7400F95162 /* messages-icon.png in Resources */,
				81DFAD041D39B93F00EA046E /* disconnected-chains.png in Resources */,
				8180DC4D1D466E5500D06277 /* archive.png in Resources */,
				818C1A111D18946000130F5B /* Assets.xcassets in Resources */,
				81DFAD011D39B06A00EA046E /* disconnected_icon.png in Resources */,
			);
			runOnlyForDeploymentPostprocessing = 0;
		};
		818C1A181D18946100130F5B /* Resources */ = {
			isa = PBXResourcesBuildPhase;
			buildActionMask = 2147483647;
			files = (
			);
			runOnlyForDeploymentPostprocessing = 0;
		};
/* End PBXResourcesBuildPhase section */

/* Begin PBXShellScriptBuildPhase section */
		116EEC1FB1162648E9118F32 /* 📦 Embed Pods Frameworks */ = {
			isa = PBXShellScriptBuildPhase;
			buildActionMask = 2147483647;
			files = (
			);
			inputPaths = (
			);
			name = "📦 Embed Pods Frameworks";
			outputPaths = (
			);
			runOnlyForDeploymentPostprocessing = 0;
			shellPath = /bin/sh;
			shellScript = "\"${SRCROOT}/Pods/Target Support Files/Pods-BlocTalk/Pods-BlocTalk-frameworks.sh\"\n";
			showEnvVarsInLog = 0;
		};
		56EBB3BB9B79B859AE130337 /* 📦 Copy Pods Resources */ = {
			isa = PBXShellScriptBuildPhase;
			buildActionMask = 2147483647;
			files = (
			);
			inputPaths = (
			);
			name = "📦 Copy Pods Resources";
			outputPaths = (
			);
			runOnlyForDeploymentPostprocessing = 0;
			shellPath = /bin/sh;
			shellScript = "\"${SRCROOT}/Pods/Target Support Files/Pods-BlocTalkTests/Pods-BlocTalkTests-resources.sh\"\n";
			showEnvVarsInLog = 0;
		};
		884CE798DF30BD8A3047BCF5 /* 📦 Check Pods Manifest.lock */ = {
			isa = PBXShellScriptBuildPhase;
			buildActionMask = 2147483647;
			files = (
			);
			inputPaths = (
			);
			name = "📦 Check Pods Manifest.lock";
			outputPaths = (
			);
			runOnlyForDeploymentPostprocessing = 0;
			shellPath = /bin/sh;
			shellScript = "diff \"${PODS_ROOT}/../Podfile.lock\" \"${PODS_ROOT}/Manifest.lock\" > /dev/null\nif [[ $? != 0 ]] ; then\n    cat << EOM\nerror: The sandbox is not in sync with the Podfile.lock. Run 'pod install' or update your CocoaPods installation.\nEOM\n    exit 1\nfi\n";
			showEnvVarsInLog = 0;
		};
		9EE5CC11F5CA4690470DDFFE /* 📦 Embed Pods Frameworks */ = {
			isa = PBXShellScriptBuildPhase;
			buildActionMask = 2147483647;
			files = (
			);
			inputPaths = (
			);
			name = "📦 Embed Pods Frameworks";
			outputPaths = (
			);
			runOnlyForDeploymentPostprocessing = 0;
			shellPath = /bin/sh;
			shellScript = "\"${SRCROOT}/Pods/Target Support Files/Pods-BlocTalkTests/Pods-BlocTalkTests-frameworks.sh\"\n";
			showEnvVarsInLog = 0;
		};
		BCEC69053C2B0706A5F93A2A /* 📦 Check Pods Manifest.lock */ = {
			isa = PBXShellScriptBuildPhase;
			buildActionMask = 2147483647;
			files = (
			);
			inputPaths = (
			);
			name = "📦 Check Pods Manifest.lock";
			outputPaths = (
			);
			runOnlyForDeploymentPostprocessing = 0;
			shellPath = /bin/sh;
			shellScript = "diff \"${PODS_ROOT}/../Podfile.lock\" \"${PODS_ROOT}/Manifest.lock\" > /dev/null\nif [[ $? != 0 ]] ; then\n    cat << EOM\nerror: The sandbox is not in sync with the Podfile.lock. Run 'pod install' or update your CocoaPods installation.\nEOM\n    exit 1\nfi\n";
			showEnvVarsInLog = 0;
		};
		FE7A910F6C9BF222DD392EEF /* 📦 Copy Pods Resources */ = {
			isa = PBXShellScriptBuildPhase;
			buildActionMask = 2147483647;
			files = (
			);
			inputPaths = (
			);
			name = "📦 Copy Pods Resources";
			outputPaths = (
			);
			runOnlyForDeploymentPostprocessing = 0;
			shellPath = /bin/sh;
			shellScript = "\"${SRCROOT}/Pods/Target Support Files/Pods-BlocTalk/Pods-BlocTalk-resources.sh\"\n";
			showEnvVarsInLog = 0;
		};
/* End PBXShellScriptBuildPhase section */

/* Begin PBXSourcesBuildPhase section */
		818C19FD1D18946000130F5B /* Sources */ = {
			isa = PBXSourcesBuildPhase;
			buildActionMask = 2147483647;
			files = (
				8104B6B71D27D26D00471675 /* BLCRemoveMiddleVCSegue.m in Sources */,
				817121431D350A6B00FB6717 /* BLCMCBrowserViewController.m in Sources */,
				818C1A0C1D18946000130F5B /* BLCSettingsViewController.m in Sources */,
				817121471D35209200FB6717 /* BLCMultiPeerManager.m in Sources */,
				818C1A091D18946000130F5B /* BLCAppDelegate.m in Sources */,
				816345BC1D26FA9F004FFFA1 /* BLCDataSource.m in Sources */,
				81D3404B1D3BDD0E00A2F3F7 /* HDNotificationView.m in Sources */,
				81DAAEDC1D2E9B2700C4CEBC /* MCSession+PeerDataManipulation.m in Sources */,
				814398221D288766007FC02A /* UIColor+JSQMessages.m in Sources */,
				8180DC4B1D464C7500D06277 /* BLCButtonSwipeView.m in Sources */,
				818C1A061D18946000130F5B /* main.m in Sources */,
				816345B31D26BF01004FFFA1 /* BLCConversation.m in Sources */,
				810C76FE1D4930CF00469A4C /* BLCArchivedConversationListViewController.m in Sources */,
				816345B61D26BFA2004FFFA1 /* BLCUser.m in Sources */,
				810B25031D189FB600167D97 /* BLCConversationListViewController.m in Sources */,
				810B250B1D18B2B800167D97 /* UIImage+UIImageExtensions.m in Sources */,
				81BF23F91D229AD00070C042 /* BLCMultiPeerConnector.m in Sources */,
				8116671E1D365DE200B27A95 /* BLCPersistanceObject.m in Sources */,
				8171214A1D35668B00FB6717 /* BLCConnectorCell.m in Sources */,
				81CFDD221D1FDCD7002CFD1D /* BLCDissmissSegue.m in Sources */,
				816345BF1D270657004FFFA1 /* BLCAvailableContactsSelecterTableViewController.m in Sources */,
				81DFACFE1D3961AC00EA046E /* BLCNavBarConversationTitleView.m in Sources */,
				810C76F61D48CEFA00469A4C /* BLCNewConversationCell.m in Sources */,
				8116671B1D36519A00B27A95 /* BLCJSQMessageWrapper.m in Sources */,
				810C76F21D48C86B00469A4C /* BLCBaseConversationCell.m in Sources */,
				816345B91D26C49D004FFFA1 /* BLCConversationViewController.m in Sources */,
				81B024341D18CEDF00273D14 /* BLCProfilePictureImageView.m in Sources */,
				817121401D33D72300FB6717 /* BLCTextMessage.m in Sources */,
				81780F131D25B42F009DB3E2 /* BLCConversationCell.m in Sources */,
			);
			runOnlyForDeploymentPostprocessing = 0;
		};
		818C1A161D18946100130F5B /* Sources */ = {
			isa = PBXSourcesBuildPhase;
			buildActionMask = 2147483647;
			files = (
				818C1A1F1D18946100130F5B /* BlocTalkTests.m in Sources */,
			);
			runOnlyForDeploymentPostprocessing = 0;
		};
/* End PBXSourcesBuildPhase section */

/* Begin PBXTargetDependency section */
		818C1A1C1D18946100130F5B /* PBXTargetDependency */ = {
			isa = PBXTargetDependency;
			target = 818C1A001D18946000130F5B /* BlocTalk */;
			targetProxy = 818C1A1B1D18946100130F5B /* PBXContainerItemProxy */;
		};
/* End PBXTargetDependency section */

/* Begin PBXVariantGroup section */
		818C1A121D18946100130F5B /* LaunchScreen.storyboard */ = {
			isa = PBXVariantGroup;
			children = (
				818C1A131D18946100130F5B /* Base */,
			);
			name = LaunchScreen.storyboard;
			sourceTree = "<group>";
		};
/* End PBXVariantGroup section */

/* Begin XCBuildConfiguration section */
		818C1A211D18946100130F5B /* Debug */ = {
			isa = XCBuildConfiguration;
			buildSettings = {
				ALWAYS_SEARCH_USER_PATHS = NO;
				CLANG_ANALYZER_NONNULL = YES;
				CLANG_CXX_LANGUAGE_STANDARD = "gnu++0x";
				CLANG_CXX_LIBRARY = "libc++";
				CLANG_ENABLE_MODULES = YES;
				CLANG_ENABLE_OBJC_ARC = YES;
				CLANG_WARN_BOOL_CONVERSION = YES;
				CLANG_WARN_CONSTANT_CONVERSION = YES;
				CLANG_WARN_DIRECT_OBJC_ISA_USAGE = YES_ERROR;
				CLANG_WARN_EMPTY_BODY = YES;
				CLANG_WARN_ENUM_CONVERSION = YES;
				CLANG_WARN_INT_CONVERSION = YES;
				CLANG_WARN_OBJC_ROOT_CLASS = YES_ERROR;
				CLANG_WARN_UNREACHABLE_CODE = YES;
				CLANG_WARN__DUPLICATE_METHOD_MATCH = YES;
				CODE_SIGN_IDENTITY = "iPhone Developer: I O Atoyebi (TPKXL9FM52)";
				"CODE_SIGN_IDENTITY[sdk=iphoneos*]" = "iPhone Developer: I O Atoyebi (TPKXL9FM52)";
				COPY_PHASE_STRIP = NO;
				DEBUG_INFORMATION_FORMAT = dwarf;
				ENABLE_STRICT_OBJC_MSGSEND = YES;
				ENABLE_TESTABILITY = YES;
				GCC_C_LANGUAGE_STANDARD = gnu99;
				GCC_DYNAMIC_NO_PIC = NO;
				GCC_NO_COMMON_BLOCKS = YES;
				GCC_OPTIMIZATION_LEVEL = 0;
				GCC_PREPROCESSOR_DEFINITIONS = (
					"DEBUG=1",
					"$(inherited)",
				);
				GCC_WARN_64_TO_32_BIT_CONVERSION = YES;
				GCC_WARN_ABOUT_RETURN_TYPE = YES_ERROR;
				GCC_WARN_UNDECLARED_SELECTOR = YES;
				GCC_WARN_UNINITIALIZED_AUTOS = YES_AGGRESSIVE;
				GCC_WARN_UNUSED_FUNCTION = YES;
				GCC_WARN_UNUSED_VARIABLE = YES;
				IPHONEOS_DEPLOYMENT_TARGET = 8.4;
				MTL_ENABLE_DEBUG_INFO = YES;
				ONLY_ACTIVE_ARCH = YES;
				SDKROOT = iphoneos;
				TARGETED_DEVICE_FAMILY = "1,2";
			};
			name = Debug;
		};
		818C1A221D18946100130F5B /* Release */ = {
			isa = XCBuildConfiguration;
			buildSettings = {
				ALWAYS_SEARCH_USER_PATHS = NO;
				CLANG_ANALYZER_NONNULL = YES;
				CLANG_CXX_LANGUAGE_STANDARD = "gnu++0x";
				CLANG_CXX_LIBRARY = "libc++";
				CLANG_ENABLE_MODULES = YES;
				CLANG_ENABLE_OBJC_ARC = YES;
				CLANG_WARN_BOOL_CONVERSION = YES;
				CLANG_WARN_CONSTANT_CONVERSION = YES;
				CLANG_WARN_DIRECT_OBJC_ISA_USAGE = YES_ERROR;
				CLANG_WARN_EMPTY_BODY = YES;
				CLANG_WARN_ENUM_CONVERSION = YES;
				CLANG_WARN_INT_CONVERSION = YES;
				CLANG_WARN_OBJC_ROOT_CLASS = YES_ERROR;
				CLANG_WARN_UNREACHABLE_CODE = YES;
				CLANG_WARN__DUPLICATE_METHOD_MATCH = YES;
				CODE_SIGN_IDENTITY = "iPhone Developer: I O Atoyebi (TPKXL9FM52)";
				"CODE_SIGN_IDENTITY[sdk=iphoneos*]" = "iPhone Developer: I O Atoyebi (TPKXL9FM52)";
				COPY_PHASE_STRIP = NO;
				DEBUG_INFORMATION_FORMAT = "dwarf-with-dsym";
				ENABLE_NS_ASSERTIONS = NO;
				ENABLE_STRICT_OBJC_MSGSEND = YES;
				GCC_C_LANGUAGE_STANDARD = gnu99;
				GCC_NO_COMMON_BLOCKS = YES;
				GCC_WARN_64_TO_32_BIT_CONVERSION = YES;
				GCC_WARN_ABOUT_RETURN_TYPE = YES_ERROR;
				GCC_WARN_UNDECLARED_SELECTOR = YES;
				GCC_WARN_UNINITIALIZED_AUTOS = YES_AGGRESSIVE;
				GCC_WARN_UNUSED_FUNCTION = YES;
				GCC_WARN_UNUSED_VARIABLE = YES;
				IPHONEOS_DEPLOYMENT_TARGET = 8.4;
				MTL_ENABLE_DEBUG_INFO = NO;
				SDKROOT = iphoneos;
				TARGETED_DEVICE_FAMILY = "1,2";
				VALIDATE_PRODUCT = YES;
			};
			name = Release;
		};
		818C1A241D18946100130F5B /* Debug */ = {
			isa = XCBuildConfiguration;
			baseConfigurationReference = 2A74DF3D771D1BF95B5B9EF1 /* Pods-BlocTalk.debug.xcconfig */;
			buildSettings = {
				ASSETCATALOG_COMPILER_APPICON_NAME = AppIcon;
				CODE_SIGN_IDENTITY = "iPhone Developer: I O Atoyebi (TPKXL9FM52)";
				INFOPLIST_FILE = BlocTalk/Info.plist;
				IPHONEOS_DEPLOYMENT_TARGET = 8.4;
				LD_RUNPATH_SEARCH_PATHS = "$(inherited) @executable_path/Frameworks";
				PRODUCT_BUNDLE_IDENTIFIER = com.Bloc.BlocTalk;
				PRODUCT_NAME = "$(TARGET_NAME)";
				TARGETED_DEVICE_FAMILY = 1;
			};
			name = Debug;
		};
		818C1A251D18946100130F5B /* Release */ = {
			isa = XCBuildConfiguration;
			baseConfigurationReference = 516A938A131C65C5482CCEC0 /* Pods-BlocTalk.release.xcconfig */;
			buildSettings = {
				ASSETCATALOG_COMPILER_APPICON_NAME = AppIcon;
				CODE_SIGN_IDENTITY = "iPhone Developer: I O Atoyebi (TPKXL9FM52)";
				INFOPLIST_FILE = BlocTalk/Info.plist;
				IPHONEOS_DEPLOYMENT_TARGET = 8.4;
				LD_RUNPATH_SEARCH_PATHS = "$(inherited) @executable_path/Frameworks";
				PRODUCT_BUNDLE_IDENTIFIER = com.Bloc.BlocTalk;
				PRODUCT_NAME = "$(TARGET_NAME)";
				TARGETED_DEVICE_FAMILY = 1;
			};
			name = Release;
		};
		818C1A271D18946100130F5B /* Debug */ = {
			isa = XCBuildConfiguration;
			baseConfigurationReference = 6F5F2EBBDE283A13518A02D9 /* Pods-BlocTalkTests.debug.xcconfig */;
			buildSettings = {
				BUNDLE_LOADER = "$(TEST_HOST)";
				INFOPLIST_FILE = BlocTalkTests/Info.plist;
				LD_RUNPATH_SEARCH_PATHS = "$(inherited) @executable_path/Frameworks @loader_path/Frameworks";
				PRODUCT_BUNDLE_IDENTIFIER = com.Bloc.BlocTalkTests;
				PRODUCT_NAME = "$(TARGET_NAME)";
				TEST_HOST = "$(BUILT_PRODUCTS_DIR)/BlocTalk.app/BlocTalk";
			};
			name = Debug;
		};
		818C1A281D18946100130F5B /* Release */ = {
			isa = XCBuildConfiguration;
			baseConfigurationReference = 28919FAB3B5BACB55E819577 /* Pods-BlocTalkTests.release.xcconfig */;
			buildSettings = {
				BUNDLE_LOADER = "$(TEST_HOST)";
				INFOPLIST_FILE = BlocTalkTests/Info.plist;
				LD_RUNPATH_SEARCH_PATHS = "$(inherited) @executable_path/Frameworks @loader_path/Frameworks";
				PRODUCT_BUNDLE_IDENTIFIER = com.Bloc.BlocTalkTests;
				PRODUCT_NAME = "$(TARGET_NAME)";
				TEST_HOST = "$(BUILT_PRODUCTS_DIR)/BlocTalk.app/BlocTalk";
			};
			name = Release;
		};
/* End XCBuildConfiguration section */

/* Begin XCConfigurationList section */
		818C19FC1D18946000130F5B /* Build configuration list for PBXProject "BlocTalk" */ = {
			isa = XCConfigurationList;
			buildConfigurations = (
				818C1A211D18946100130F5B /* Debug */,
				818C1A221D18946100130F5B /* Release */,
			);
			defaultConfigurationIsVisible = 0;
			defaultConfigurationName = Release;
		};
		818C1A231D18946100130F5B /* Build configuration list for PBXNativeTarget "BlocTalk" */ = {
			isa = XCConfigurationList;
			buildConfigurations = (
				818C1A241D18946100130F5B /* Debug */,
				818C1A251D18946100130F5B /* Release */,
			);
			defaultConfigurationIsVisible = 0;
			defaultConfigurationName = Release;
		};
		818C1A261D18946100130F5B /* Build configuration list for PBXNativeTarget "BlocTalkTests" */ = {
			isa = XCConfigurationList;
			buildConfigurations = (
				818C1A271D18946100130F5B /* Debug */,
				818C1A281D18946100130F5B /* Release */,
			);
			defaultConfigurationIsVisible = 0;
			defaultConfigurationName = Release;
		};
/* End XCConfigurationList section */
	};
	rootObject = 818C19F91D18946000130F5B /* Project object */;
}
